{
  "object": {
    "pins": [
      {
        "package": "Command",
        "repositoryURL": "https://github.com/ITzTravelInTime/Command.git",
        "state": {
          "branch": "main",
          "revision": "2eed73ce5907ca99be1ff9221db9ca1c7147b93e",
          "version": null
        }
      },
      {
        "package": "CommandSudo",
        "repositoryURL": "https://github.com/ITzTravelInTime/CommandSudo.git",
        "state": {
          "branch": "main",
          "revision": "fdac139218b7d3fc93a7e43433b55b7d32398bd4",
          "version": null
        }
      },
      {
        "package": "SwiftCPUDetect",
        "repositoryURL": "https://github.com/ITzTravelInTime/SwiftCPUDetect.git",
        "state": {
          "branch": "main",
          "revision": "97a6bb29ca63a14368ec557c3f401148ed290814",
          "version": null
        }
      },
      {
        "package": "SwiftLoggedPrint",
        "repositoryURL": "https://github.com/ITzTravelInTime/SwiftLoggedPrint.git",
        "state": {
          "branch": "main",
          "revision": "2dc90f3715e158635a9a278a46f5e2eb11ef606b",
          "version": null
        }
      },
      {
        "package": "TINUNotifications",
        "repositoryURL": "https://github.com/ITzTravelInTime/TINUNotifications.git",
        "state": {
          "branch": "main",
          "revision": "389a8cd77ad8efc0084cd1e04991c94ed272427e",
          "version": null
        }
      },
      {
        "package": "TINURecovery",
        "repositoryURL": "https://github.com/ITzTravelInTime/TINURecovery.git",
        "state": {
          "branch": "main",
          "revision": "afab6b83fec07cd7b5f7a5c94129538721552047",
          "version": null
        }
      }
    ]
  },
  "version": 1
}
