{
  "object": {
    "pins": [
      {
        "package": "Command",
        "repositoryURL": "https://github.com/ITzTravelInTime/Command.git",
        "state": {
          "branch": null,
          "revision": "2eed73ce5907ca99be1ff9221db9ca1c7147b93e",
          "version": "2.1.2"
        }
      },
      {
        "package": "CommandSudo",
        "repositoryURL": "https://github.com/ITzTravelInTime/CommandSudo.git",
        "state": {
          "branch": null,
          "revision": "423d0015b6fb22fe9bae1a8c89fb2cb15bac3bdd",
          "version": "1.1.14"
        }
      },
      {
        "package": "SwiftCPUDetect",
        "repositoryURL": "https://github.com/ITzTravelInTime/SwiftCPUDetect.git",
        "state": {
          "branch": null,
          "revision": "c55818e68209491c91b8f7bf1a9b042614658467",
          "version": "1.3.0"
        }
      },
      {
        "package": "SwiftLoggedPrint",
        "repositoryURL": "https://github.com/ITzTravelInTime/SwiftLoggedPrint.git",
        "state": {
          "branch": null,
          "revision": "5236d5d1bcf0306d316bb6ac0af9ee6f07894f2f",
          "version": "3.2.0"
        }
      },
      {
        "package": "TINUNotifications",
        "repositoryURL": "https://github.com/ITzTravelInTime/TINUNotifications.git",
        "state": {
          "branch": "main",
          "revision": "7cc4a8f3d57d9131dcc5f619a9329567296fd706",
          "version": null
        }
      },
      {
        "package": "TINUSerialization",
        "repositoryURL": "https://github.com/ITzTravelInTime/TINUSerialization",
        "state": {
          "branch": "main",
          "revision": "d50b0c259d26eee51609dede9b67dc3349278a2d",
          "version": null
        }
      }
    ]
  },
  "version": 1
}
