// !$*UTF8*$!
{
	archiveVersion = 1;
	classes = {
	};
	objectVersion = 52;
	objects = {

/* Begin PBXBuildFile section */
		C60A461723A942E4009ADF4D /* SupportedEFIFolders.swift in Sources */ = {isa = PBXBuildFile; fileRef = C60A461623A942E4009ADF4D /* SupportedEFIFolders.swift */; };
		C60B646B20B4464200FEDAA6 /* EFIFolderReplcament.swift in Sources */ = {isa = PBXBuildFile; fileRef = C60B646A20B4464200FEDAA6 /* EFIFolderReplcament.swift */; };
		C60B6C8320F80FCC0088B658 /* AllertFunctions.swift in Sources */ = {isa = PBXBuildFile; fileRef = C60B6C8220F80FCC0088B658 /* AllertFunctions.swift */; };
		C60C40B820CC9E4800258574 /* IconsManager.swift in Sources */ = {isa = PBXBuildFile; fileRef = C60C40B720CC9E4800258574 /* IconsManager.swift */; };
		C60C40BA20CCA24000258574 /* TextsManager.swift in Sources */ = {isa = PBXBuildFile; fileRef = C60C40B920CCA24000258574 /* TextsManager.swift */; };
		C60C40BC20CCA2BB00258574 /* App.swift in Sources */ = {isa = PBXBuildFile; fileRef = C60C40BB20CCA2BB00258574 /* App.swift */; };
		C60C40C020CCA9DC00258574 /* CreationProcess.swift in Sources */ = {isa = PBXBuildFile; fileRef = C60C40BF20CCA9DC00258574 /* CreationProcess.swift */; };
		C60C40C220CCAA9900258574 /* CreationProcessInstallerAppManager.swift in Sources */ = {isa = PBXBuildFile; fileRef = C60C40C120CCAA9900258574 /* CreationProcessInstallerAppManager.swift */; };
		C60C40C420CCACB600258574 /* DecodeEncode.swift in Sources */ = {isa = PBXBuildFile; fileRef = C60C40C320CCACB600258574 /* DecodeEncode.swift */; };
		C60C40C720CCAE6200258574 /* DiskutilInfo.swift in Sources */ = {isa = PBXBuildFile; fileRef = C60C40C620CCAE6200258574 /* DiskutilInfo.swift */; };
		C60D39B01F5E136500D94834 /* Part.swift in Sources */ = {isa = PBXBuildFile; fileRef = C60D39AF1F5E136500D94834 /* Part.swift */; };
		C60D39B21F5E4AFC00D94834 /* ContactsViewController.swift in Sources */ = {isa = PBXBuildFile; fileRef = C60D39B11F5E4AFC00D94834 /* ContactsViewController.swift */; };
		C60D48CD1F585F7F00ABF26E /* MainCreationFinished.swift in Sources */ = {isa = PBXBuildFile; fileRef = C60D48CC1F585F7F00ABF26E /* MainCreationFinished.swift */; };
		C615B813216AEF7A00913BFF /* MediaCreationManagerPreProcess.swift in Sources */ = {isa = PBXBuildFile; fileRef = C615B812216AEF7A00913BFF /* MediaCreationManagerPreProcess.swift */; };
		C615B815216AF04D00913BFF /* MediaCreationManagerFunctions.swift in Sources */ = {isa = PBXBuildFile; fileRef = C615B814216AF04D00913BFF /* MediaCreationManagerFunctions.swift */; };
		C615B817216B0B8900913BFF /* MediaCreationManagerErrorChecking.swift in Sources */ = {isa = PBXBuildFile; fileRef = C615B816216B0B8900913BFF /* MediaCreationManagerErrorChecking.swift */; };
		C615B819216B0E9400913BFF /* MediaCreationManagerTimers.swift in Sources */ = {isa = PBXBuildFile; fileRef = C615B818216B0E9400913BFF /* MediaCreationManagerTimers.swift */; };
		C615B81B216B30D000913BFF /* MediaCreationManagerPostProcesses.swift in Sources */ = {isa = PBXBuildFile; fileRef = C615B81A216B30D000913BFF /* MediaCreationManagerPostProcesses.swift */; };
		C6188D96251306FC00BCBC51 /* AllertFunctionsWithTextManager.swift in Sources */ = {isa = PBXBuildFile; fileRef = C6188D95251306FC00BCBC51 /* AllertFunctionsWithTextManager.swift */; };
		C6188D982513828E00BCBC51 /* AppDownloadsEn.json in Resources */ = {isa = PBXBuildFile; fileRef = C6188D972513828E00BCBC51 /* AppDownloadsEn.json */; };
		C6188D9A2513DF3400BCBC51 /* ErrorDecodingMessangesIt.json in Resources */ = {isa = PBXBuildFile; fileRef = C6188D992513DF3400BCBC51 /* ErrorDecodingMessangesIt.json */; };
		C6188D9C25157F8400BCBC51 /* LanguageSelection.swift in Sources */ = {isa = PBXBuildFile; fileRef = C6188D9B25157F8400BCBC51 /* LanguageSelection.swift */; };
		C61A3654205DA3F400350BE9 /* DownloadAppViewController.swift in Sources */ = {isa = PBXBuildFile; fileRef = C61A3653205DA3F400350BE9 /* DownloadAppViewController.swift */; };
		C61AACC1215B0EE6002D8F89 /* ShadowViewController.swift in Sources */ = {isa = PBXBuildFile; fileRef = C61AACC0215B0EE6002D8F89 /* ShadowViewController.swift */; };
		C61AE89420C2F16400229FEC /* OtherOptionInfoViewController.swift in Sources */ = {isa = PBXBuildFile; fileRef = C61AE89320C2F16400229FEC /* OtherOptionInfoViewController.swift */; };
		C621CFA71F4F6A6500CC6D5B /* MainWindowController.swift in Sources */ = {isa = PBXBuildFile; fileRef = C621CFA61F4F6A6500CC6D5B /* MainWindowController.swift */; };
		C621CFAC1F4F7DF400CC6D5B /* DriveView.swift in Sources */ = {isa = PBXBuildFile; fileRef = C621CFAB1F4F7DF400CC6D5B /* DriveView.swift */; };
		C6246AF3272E9FE00074216B /* HorizzontalScrollView.swift in Sources */ = {isa = PBXBuildFile; fileRef = C6246AF2272E9FE00074216B /* HorizzontalScrollView.swift */; };
		C6254B5E26855A620082C7F5 /* OptionsExecution.swift in Sources */ = {isa = PBXBuildFile; fileRef = C6254B5D26855A620082C7F5 /* OptionsExecution.swift */; };
		C6254B7A26892ADD0082C7F5 /* TINURecovery in Frameworks */ = {isa = PBXBuildFile; productRef = C6254B7926892ADD0082C7F5 /* TINURecovery */; };
		C6254B7D268933600082C7F5 /* TINUNotifications in Frameworks */ = {isa = PBXBuildFile; productRef = C6254B7C268933600082C7F5 /* TINUNotifications */; };
		C6254B80268933740082C7F5 /* Command in Frameworks */ = {isa = PBXBuildFile; productRef = C6254B7F268933740082C7F5 /* Command */; };
		C6254B83268933950082C7F5 /* CommandSudo in Frameworks */ = {isa = PBXBuildFile; productRef = C6254B82268933950082C7F5 /* CommandSudo */; };
		C6254B8626897EA20082C7F5 /* SwiftCPUDetect in Frameworks */ = {isa = PBXBuildFile; productRef = C6254B8526897EA20082C7F5 /* SwiftCPUDetect */; };
		C62BD176271BE2E800F4ADAD /* AppIcon.png in Resources */ = {isa = PBXBuildFile; fileRef = C62BD175271BE2E800F4ADAD /* AppIcon.png */; };
		C62F545726995A7400F14304 /* DiskutilBase.swift in Sources */ = {isa = PBXBuildFile; fileRef = C62F545626995A7400F14304 /* DiskutilBase.swift */; };
		C62F545926995B3D00F14304 /* DiskutilCommands.swift in Sources */ = {isa = PBXBuildFile; fileRef = C62F545826995B3D00F14304 /* DiskutilCommands.swift */; };
		C6322574221C1883003A56D4 /* FilesystemObserver.swift in Sources */ = {isa = PBXBuildFile; fileRef = C6322573221C1883003A56D4 /* FilesystemObserver.swift */; };
		C638857A2670D3BA00A6D1BA /* Themes.swift in Sources */ = {isa = PBXBuildFile; fileRef = C63885792670D3BA00A6D1BA /* Themes.swift */; };
		C638857C26725BEC00A6D1BA /* UIManager.swift in Sources */ = {isa = PBXBuildFile; fileRef = C638857B26725BEC00A6D1BA /* UIManager.swift */; };
		C63DD0282265D921007944A5 /* TaskKillManager.swift in Sources */ = {isa = PBXBuildFile; fileRef = C63DD0272265D921007944A5 /* TaskKillManager.swift */; };
		C63F035E24E1091400F950B4 /* ProgressBarSettings.json in Resources */ = {isa = PBXBuildFile; fileRef = C63F035D24E1091400F950B4 /* ProgressBarSettings.json */; };
		C63F036024E3D19300F950B4 /* ProgressBarValuesManager.swift in Sources */ = {isa = PBXBuildFile; fileRef = C63F035F24E3D19300F950B4 /* ProgressBarValuesManager.swift */; };
		C63F036224E40F5500F950B4 /* TextAssetsEn.json in Resources */ = {isa = PBXBuildFile; fileRef = C63F036124E40F5500F950B4 /* TextAssetsEn.json */; };
		C6409AC7226D35D200E63762 /* CopyrightLabel.swift in Sources */ = {isa = PBXBuildFile; fileRef = C6409AC6226D35D200E63762 /* CopyrightLabel.swift */; };
		C6422DBA269C33340047DF36 /* diskutilBSDID.swift in Sources */ = {isa = PBXBuildFile; fileRef = C6422DB9269C33340047DF36 /* diskutilBSDID.swift */; };
		C647B350211CE2C00024B9A1 /* ToolsBridge.swift in Sources */ = {isa = PBXBuildFile; fileRef = C647B34F211CE2C00024B9A1 /* ToolsBridge.swift */; };
		C647B39B211CF2C40024B9A1 /* EFIPartitionMounterTypes.swift in Sources */ = {isa = PBXBuildFile; fileRef = C647B395211CF2C40024B9A1 /* EFIPartitionMounterTypes.swift */; };
		C647B39C211CF2C40024B9A1 /* EFIPartitionMounterViewController.swift in Sources */ = {isa = PBXBuildFile; fileRef = C647B396211CF2C40024B9A1 /* EFIPartitionMounterViewController.swift */; };
		C647B39D211CF2C40024B9A1 /* EFIPartitionMounterWindowController.swift in Sources */ = {isa = PBXBuildFile; fileRef = C647B397211CF2C40024B9A1 /* EFIPartitionMounterWindowController.swift */; };
		C647B39F211CF2C40024B9A1 /* EFIPartitionMounterModel.swift in Sources */ = {isa = PBXBuildFile; fileRef = C647B399211CF2C40024B9A1 /* EFIPartitionMounterModel.swift */; };
		C647B3A0211CF2C40024B9A1 /* EFIPartitionMounterUIClasses.swift in Sources */ = {isa = PBXBuildFile; fileRef = C647B39A211CF2C40024B9A1 /* EFIPartitionMounterUIClasses.swift */; };
		C647B3AF211D18950024B9A1 /* EFIPartitionMounterTool.storyboard in Resources */ = {isa = PBXBuildFile; fileRef = C647B3AD211D18950024B9A1 /* EFIPartitionMounterTool.storyboard */; };
		C64E56371F51D917007B8CEE /* ChoseAppViewController.swift in Sources */ = {isa = PBXBuildFile; fileRef = C64E56361F51D917007B8CEE /* ChoseAppViewController.swift */; };
		C64E56391F51E79C007B8CEE /* ConfirmViewController.swift in Sources */ = {isa = PBXBuildFile; fileRef = C64E56381F51E79C007B8CEE /* ConfirmViewController.swift */; };
		C64E563B1F522854007B8CEE /* InstallingViewController.swift in Sources */ = {isa = PBXBuildFile; fileRef = C64E563A1F522854007B8CEE /* InstallingViewController.swift */; };
		C6553A911F5F7CEA0048965D /* LicenseViewController.swift in Sources */ = {isa = PBXBuildFile; fileRef = C6553A901F5F7CEA0048965D /* LicenseViewController.swift */; };
		C6553A931F5F83770048965D /* License.rtf in Resources */ = {isa = PBXBuildFile; fileRef = C6553A921F5F83770048965D /* License.rtf */; };
		C65AA61F1F4F497A00C43223 /* ClassExtensions.swift in Sources */ = {isa = PBXBuildFile; fileRef = C65AA61E1F4F497A00C43223 /* ClassExtensions.swift */; };
		C65AA6211F4F4C0400C43223 /* InfoViewController.swift in Sources */ = {isa = PBXBuildFile; fileRef = C65AA6201F4F4C0400C43223 /* InfoViewController.swift */; };
		C65AA6241F4F4C3400C43223 /* ChoseDriveViewController.swift in Sources */ = {isa = PBXBuildFile; fileRef = C65AA6221F4F4C3400C43223 /* ChoseDriveViewController.swift */; };
		C660D1972529AEB30027FCA0 /* TextManagement.swift in Sources */ = {isa = PBXBuildFile; fileRef = C660D1962529AEB30027FCA0 /* TextManagement.swift */; };
		C660D1992529BB260027FCA0 /* EFIPMTextAssetsIt.json in Resources */ = {isa = PBXBuildFile; fileRef = C660D1982529BB260027FCA0 /* EFIPMTextAssetsIt.json */; };
		C660D19C2529BB780027FCA0 /* EFIPMTextAssetsEn.json in Resources */ = {isa = PBXBuildFile; fileRef = C660D19B2529BB780027FCA0 /* EFIPMTextAssetsEn.json */; };
		C660D19E2529F0A70027FCA0 /* EFIPartitionMounterTextManager.swift in Sources */ = {isa = PBXBuildFile; fileRef = C660D19D2529F0A70027FCA0 /* EFIPartitionMounterTextManager.swift */; };
		C660D1A0252C7A160027FCA0 /* ConfigMenuAppsEn.json in Resources */ = {isa = PBXBuildFile; fileRef = C660D19F252C7A160027FCA0 /* ConfigMenuAppsEn.json */; };
		C660D1A2252C94860027FCA0 /* ConfigMenuAppsIt.json in Resources */ = {isa = PBXBuildFile; fileRef = C660D1A1252C94860027FCA0 /* ConfigMenuAppsIt.json */; };
		C6636D2F2747F8B2008B1C07 /* TINUSerialization in Frameworks */ = {isa = PBXBuildFile; productRef = C6636D2E2747F8B2008B1C07 /* TINUSerialization */; };
		C6636D352749D61F008B1C07 /* RemoteURLs.json in Resources */ = {isa = PBXBuildFile; fileRef = C6636D342749D61F008B1C07 /* RemoteURLs.json */; };
		C6636D372749D680008B1C07 /* RemoteReourcesURLsManager.swift in Sources */ = {isa = PBXBuildFile; fileRef = C6636D362749D680008B1C07 /* RemoteReourcesURLsManager.swift */; };
		C66411052077A80100454292 /* OtherWindowsControllers.swift in Sources */ = {isa = PBXBuildFile; fileRef = C66411042077A80100454292 /* OtherWindowsControllers.swift */; };
		C676D197215EB20E00E900E9 /* MediaCreationManagerMain.swift in Sources */ = {isa = PBXBuildFile; fileRef = C676D196215EB20E00E900E9 /* MediaCreationManagerMain.swift */; };
		C682BBE320FFB23600410370 /* Operations.swift in Sources */ = {isa = PBXBuildFile; fileRef = C682BBE220FFB23600410370 /* Operations.swift */; };
		C68C79F22505205A00BBDA37 /* TextAssetsIt.json in Resources */ = {isa = PBXBuildFile; fileRef = C68C79F12505205A00BBDA37 /* TextAssetsIt.json */; };
		C691BFEE1F6DEEA800589EF8 /* Assets.xcassets in Resources */ = {isa = PBXBuildFile; fileRef = C691BFED1F6DEEA800589EF8 /* Assets.xcassets */; };
		C691BFF01F6DFBDB00589EF8 /* TestingVariables.swift in Sources */ = {isa = PBXBuildFile; fileRef = C691BFEF1F6DFBDB00589EF8 /* TestingVariables.swift */; };
		C691D6AB20655C700083D057 /* DriveDetectInfoViewController.swift in Sources */ = {isa = PBXBuildFile; fileRef = C691D6AA20655C700083D057 /* DriveDetectInfoViewController.swift */; };
		C698B47E204CDAE5007B3CD8 /* MacrosReference.swift in Sources */ = {isa = PBXBuildFile; fileRef = C698B47D204CDAE5007B3CD8 /* MacrosReference.swift */; };
		C6A3A36A24FBAC3500CC8E37 /* ErrorDecodingMessangesEn.json in Resources */ = {isa = PBXBuildFile; fileRef = C6A3A36924FBAC3500CC8E37 /* ErrorDecodingMessangesEn.json */; };
		C6AD9345239A684D0004704C /* DiskutilList.swift in Sources */ = {isa = PBXBuildFile; fileRef = C6AD9344239A684D0004704C /* DiskutilList.swift */; };
		C6AEE8FB24E41A49006135FB /* CodablesGeneric.swift in Sources */ = {isa = PBXBuildFile; fileRef = C6AEE8FA24E41A49006135FB /* CodablesGeneric.swift */; };
		C6B74D0A20B8E76A001CAD4D /* EFIFolderReplacementManager.swift in Sources */ = {isa = PBXBuildFile; fileRef = C6B74D0920B8E76A001CAD4D /* EFIFolderReplacementManager.swift */; };
		C6B74D0C20BA2A79001CAD4D /* EFIPartition.swift in Sources */ = {isa = PBXBuildFile; fileRef = C6B74D0B20BA2A79001CAD4D /* EFIPartition.swift */; };
		C6BEA10224A3A5AE008997CF /* DiagnosticsModeManager.swift in Sources */ = {isa = PBXBuildFile; fileRef = C6BEA10124A3A5AE008997CF /* DiagnosticsModeManager.swift */; };
		C6BF64842692B61E00A0B094 /* SwiftLoggedPrint in Frameworks */ = {isa = PBXBuildFile; productRef = C6BF64832692B61E00A0B094 /* SwiftLoggedPrint */; };
		C6C1820D1FE7605300617DC2 /* ChooseSideViewController.swift in Sources */ = {isa = PBXBuildFile; fileRef = C6C1820C1FE7605300617DC2 /* ChooseSideViewController.swift */; };
		C6C2EAA72030710A0033EF85 /* SettingsSectionItem.swift in Sources */ = {isa = PBXBuildFile; fileRef = C6C2EAA62030710A0033EF85 /* SettingsSectionItem.swift */; };
		C6CE80F42521C3FB00B28413 /* StringFunctions.swift in Sources */ = {isa = PBXBuildFile; fileRef = C6CE80F32521C3FB00B28413 /* StringFunctions.swift */; };
		C6CE80F62521C46200B28413 /* AppBanner.swift in Sources */ = {isa = PBXBuildFile; fileRef = C6CE80F52521C46200B28413 /* AppBanner.swift */; };
		C6CE80F825245BA300B28413 /* ExternalLinkUI.swift in Sources */ = {isa = PBXBuildFile; fileRef = C6CE80F725245BA300B28413 /* ExternalLinkUI.swift */; };
		C6D82A6A20D802E700A5B5BE /* OptionsObject.swift in Sources */ = {isa = PBXBuildFile; fileRef = C6D82A6920D802E700A5B5BE /* OptionsObject.swift */; };
		C6D82A6C20D80C7600A5B5BE /* OptionsManager.swift in Sources */ = {isa = PBXBuildFile; fileRef = C6D82A6B20D80C7600A5B5BE /* OptionsManager.swift */; };
		C6DF04661F4F33C500D200B1 /* AppDelegate.swift in Sources */ = {isa = PBXBuildFile; fileRef = C6DF04651F4F33C500D200B1 /* AppDelegate.swift */; };
		C6DF046D1F4F33C500D200B1 /* Main.storyboard in Resources */ = {isa = PBXBuildFile; fileRef = C6DF046B1F4F33C500D200B1 /* Main.storyboard */; };
		C6DF04781F4F33C500D200B1 /* TINUTests.swift in Sources */ = {isa = PBXBuildFile; fileRef = C6DF04771F4F33C500D200B1 /* TINUTests.swift */; };
		C6DF04831F4F33C500D200B1 /* TINUUITests.swift in Sources */ = {isa = PBXBuildFile; fileRef = C6DF04821F4F33C500D200B1 /* TINUUITests.swift */; };
		C6E32EA7218142EA006D4BEB /* FileAliasManager.swift in Sources */ = {isa = PBXBuildFile; fileRef = C6E32EA6218142EA006D4BEB /* FileAliasManager.swift */; };
		C6F0E84326A7A81E00308B9F /* LogWindowController.swift in Sources */ = {isa = PBXBuildFile; fileRef = C6F0E84226A7A81E00308B9F /* LogWindowController.swift */; };
		C6F68E8B20D0277B00F7A0F4 /* PackagesWrapper.swift in Sources */ = {isa = PBXBuildFile; fileRef = C6F68E8A20D0277B00F7A0F4 /* PackagesWrapper.swift */; };
		C6FFB5D6267FAA3300CD19CE /* InstallerAppInfo.swift in Sources */ = {isa = PBXBuildFile; fileRef = C6FFB5D5267FAA3300CD19CE /* InstallerAppInfo.swift */; };
		C6FFB5D82681AAF300CD19CE /* CreationProcessDiskInfo.swift in Sources */ = {isa = PBXBuildFile; fileRef = C6FFB5D72681AAF300CD19CE /* CreationProcessDiskInfo.swift */; };
		C6FFB5DA2681AF6D00CD19CE /* CreationProcessManagement.swift in Sources */ = {isa = PBXBuildFile; fileRef = C6FFB5D92681AF6D00CD19CE /* CreationProcessManagement.swift */; };
		DD01EBF11F71BFE600C94D9B /* LogViewController.swift in Sources */ = {isa = PBXBuildFile; fileRef = DD01EBF01F71BFE600C94D9B /* LogViewController.swift */; };
		DD06444E27284B6400E362ED /* 2.png in Resources */ = {isa = PBXBuildFile; fileRef = DD06444D27284B6400E362ED /* 2.png */; };
		DD223ED527149C5D0048EA0F /* 1.png in Resources */ = {isa = PBXBuildFile; fileRef = DD223ECD27149C5D0048EA0F /* 1.png */; };
		DD223ED627149C5D0048EA0F /* 4.png in Resources */ = {isa = PBXBuildFile; fileRef = DD223ECE27149C5D0048EA0F /* 4.png */; };
		DD223ED727149C5D0048EA0F /* 5.png in Resources */ = {isa = PBXBuildFile; fileRef = DD223ECF27149C5D0048EA0F /* 5.png */; };
		DD223ED827149C5D0048EA0F /* 3.png in Resources */ = {isa = PBXBuildFile; fileRef = DD223ED027149C5D0048EA0F /* 3.png */; };
		DD223ED927149C5D0048EA0F /* 8.png in Resources */ = {isa = PBXBuildFile; fileRef = DD223ED127149C5D0048EA0F /* 8.png */; };
		DD223EDA27149C5D0048EA0F /* 6.png in Resources */ = {isa = PBXBuildFile; fileRef = DD223ED227149C5D0048EA0F /* 6.png */; };
		DD223EDB27149C5D0048EA0F /* 7.png in Resources */ = {isa = PBXBuildFile; fileRef = DD223ED327149C5D0048EA0F /* 7.png */; };
		DD3AC14C1FBB974C00C71F53 /* OtherOptionCheckBox.swift in Sources */ = {isa = PBXBuildFile; fileRef = DD3AC14B1FBB974C00C71F53 /* OtherOptionCheckBox.swift */; };
		DD5016061F993D4500FB1407 /* GenericViewController.swift in Sources */ = {isa = PBXBuildFile; fileRef = DD5016051F993D4500FB1407 /* GenericViewController.swift */; };
		DD75F56D2729BC6000A26474 /* HIDPIDetectionManager.swift in Sources */ = {isa = PBXBuildFile; fileRef = DD75F56C2729BC6000A26474 /* HIDPIDetectionManager.swift */; };
		DD7C7CC5235E26DC000CC2E0 /* DarkModeDetection.swift in Sources */ = {isa = PBXBuildFile; fileRef = DD7C7CC4235E26DC000CC2E0 /* DarkModeDetection.swift */; };
		DDA7FB601F96AE510029F4F2 /* RuntimeCode.swift in Sources */ = {isa = PBXBuildFile; fileRef = DDA7FB5F1F96AE510029F4F2 /* RuntimeCode.swift */; };
		DDA7FB621F96B13F0029F4F2 /* GenericWindowController.swift in Sources */ = {isa = PBXBuildFile; fileRef = DDA7FB611F96B13F0029F4F2 /* GenericWindowController.swift */; };
		DDC29013270FCE6900CBDE34 /* ToDo.md in Resources */ = {isa = PBXBuildFile; fileRef = DDC29012270FCE6900CBDE34 /* ToDo.md */; };
		DDCC4ED51FB5C2A7007FBB6F /* OtherOptionsViewController.swift in Sources */ = {isa = PBXBuildFile; fileRef = DDCC4ED41FB5C2A7007FBB6F /* OtherOptionsViewController.swift */; };
		DDD038EB1FB7366400D22695 /* ChoseButton.swift in Sources */ = {isa = PBXBuildFile; fileRef = DDD038EA1FB7366400D22695 /* ChoseButton.swift */; };
		DDDCF67C1F63330B00CF7FE4 /* CreditsViewController.swift in Sources */ = {isa = PBXBuildFile; fileRef = DDDCF67B1F63330B00CF7FE4 /* CreditsViewController.swift */; };
		DDDF14641F6730DA00953634 /* SharedVariables.swift in Sources */ = {isa = PBXBuildFile; fileRef = DDDF14631F6730DA00953634 /* SharedVariables.swift */; };
		DDF5ABEC273C0F8A00707FAC /* UpdateManager.swift in Sources */ = {isa = PBXBuildFile; fileRef = DDF5ABEB273C0F8A00707FAC /* UpdateManager.swift */; };
		DDF9A5692159A05800389F78 /* ShadowView.swift in Sources */ = {isa = PBXBuildFile; fileRef = DDF9A5682159A05800389F78 /* ShadowView.swift */; };
/* End PBXBuildFile section */

/* Begin PBXContainerItemProxy section */
		C6DF04741F4F33C500D200B1 /* PBXContainerItemProxy */ = {
			isa = PBXContainerItemProxy;
			containerPortal = C6DF045A1F4F33C500D200B1 /* Project object */;
			proxyType = 1;
			remoteGlobalIDString = C6DF04611F4F33C500D200B1;
			remoteInfo = TINU;
		};
		C6DF047F1F4F33C500D200B1 /* PBXContainerItemProxy */ = {
			isa = PBXContainerItemProxy;
			containerPortal = C6DF045A1F4F33C500D200B1 /* Project object */;
			proxyType = 1;
			remoteGlobalIDString = C6DF04611F4F33C500D200B1;
			remoteInfo = TINU;
		};
/* End PBXContainerItemProxy section */

/* Begin PBXFileReference section */
		C605853025024D6500673F86 /* it */ = {isa = PBXFileReference; lastKnownFileType = text.plist.strings; name = it; path = it.lproj/Main.strings; sourceTree = "<group>"; };
		C605853125024D6500673F86 /* it */ = {isa = PBXFileReference; lastKnownFileType = text.plist.strings; name = it; path = "../EFI Partition Mounter/EFI Partition Mounter/it.lproj/EFIPartitionMounterTool.strings"; sourceTree = "<group>"; };
		C60A461623A942E4009ADF4D /* SupportedEFIFolders.swift */ = {isa = PBXFileReference; lastKnownFileType = sourcecode.swift; path = SupportedEFIFolders.swift; sourceTree = "<group>"; };
		C60B646A20B4464200FEDAA6 /* EFIFolderReplcament.swift */ = {isa = PBXFileReference; fileEncoding = 4; lastKnownFileType = sourcecode.swift; path = EFIFolderReplcament.swift; sourceTree = "<group>"; };
		C60B6C8220F80FCC0088B658 /* AllertFunctions.swift */ = {isa = PBXFileReference; lastKnownFileType = sourcecode.swift; path = AllertFunctions.swift; sourceTree = "<group>"; };
		C60C40B720CC9E4800258574 /* IconsManager.swift */ = {isa = PBXFileReference; lastKnownFileType = sourcecode.swift; path = IconsManager.swift; sourceTree = "<group>"; };
		C60C40B920CCA24000258574 /* TextsManager.swift */ = {isa = PBXFileReference; lastKnownFileType = sourcecode.swift; path = TextsManager.swift; sourceTree = "<group>"; };
		C60C40BB20CCA2BB00258574 /* App.swift */ = {isa = PBXFileReference; lastKnownFileType = sourcecode.swift; path = App.swift; sourceTree = "<group>"; };
		C60C40BF20CCA9DC00258574 /* CreationProcess.swift */ = {isa = PBXFileReference; fileEncoding = 4; lastKnownFileType = sourcecode.swift; path = CreationProcess.swift; sourceTree = "<group>"; };
		C60C40C120CCAA9900258574 /* CreationProcessInstallerAppManager.swift */ = {isa = PBXFileReference; lastKnownFileType = sourcecode.swift; path = CreationProcessInstallerAppManager.swift; sourceTree = "<group>"; };
		C60C40C320CCACB600258574 /* DecodeEncode.swift */ = {isa = PBXFileReference; lastKnownFileType = sourcecode.swift; path = DecodeEncode.swift; sourceTree = "<group>"; };
		C60C40C620CCAE6200258574 /* DiskutilInfo.swift */ = {isa = PBXFileReference; lastKnownFileType = sourcecode.swift; path = DiskutilInfo.swift; sourceTree = "<group>"; };
		C60D39AF1F5E136500D94834 /* Part.swift */ = {isa = PBXFileReference; fileEncoding = 4; lastKnownFileType = sourcecode.swift; path = Part.swift; sourceTree = "<group>"; };
		C60D39B11F5E4AFC00D94834 /* ContactsViewController.swift */ = {isa = PBXFileReference; fileEncoding = 4; lastKnownFileType = sourcecode.swift; path = ContactsViewController.swift; sourceTree = "<group>"; };
		C60D48CC1F585F7F00ABF26E /* MainCreationFinished.swift */ = {isa = PBXFileReference; fileEncoding = 4; lastKnownFileType = sourcecode.swift; path = MainCreationFinished.swift; sourceTree = "<group>"; };
		C615B812216AEF7A00913BFF /* MediaCreationManagerPreProcess.swift */ = {isa = PBXFileReference; lastKnownFileType = sourcecode.swift; path = MediaCreationManagerPreProcess.swift; sourceTree = "<group>"; };
		C615B814216AF04D00913BFF /* MediaCreationManagerFunctions.swift */ = {isa = PBXFileReference; lastKnownFileType = sourcecode.swift; path = MediaCreationManagerFunctions.swift; sourceTree = "<group>"; };
		C615B816216B0B8900913BFF /* MediaCreationManagerErrorChecking.swift */ = {isa = PBXFileReference; lastKnownFileType = sourcecode.swift; path = MediaCreationManagerErrorChecking.swift; sourceTree = "<group>"; };
		C615B818216B0E9400913BFF /* MediaCreationManagerTimers.swift */ = {isa = PBXFileReference; lastKnownFileType = sourcecode.swift; path = MediaCreationManagerTimers.swift; sourceTree = "<group>"; };
		C615B81A216B30D000913BFF /* MediaCreationManagerPostProcesses.swift */ = {isa = PBXFileReference; lastKnownFileType = sourcecode.swift; path = MediaCreationManagerPostProcesses.swift; sourceTree = "<group>"; };
		C6188D95251306FC00BCBC51 /* AllertFunctionsWithTextManager.swift */ = {isa = PBXFileReference; lastKnownFileType = sourcecode.swift; path = AllertFunctionsWithTextManager.swift; sourceTree = "<group>"; };
		C6188D972513828E00BCBC51 /* AppDownloadsEn.json */ = {isa = PBXFileReference; lastKnownFileType = text.json; path = AppDownloadsEn.json; sourceTree = "<group>"; };
		C6188D992513DF3400BCBC51 /* ErrorDecodingMessangesIt.json */ = {isa = PBXFileReference; fileEncoding = 4; lastKnownFileType = text.json; path = ErrorDecodingMessangesIt.json; sourceTree = "<group>"; };
		C6188D9B25157F8400BCBC51 /* LanguageSelection.swift */ = {isa = PBXFileReference; lastKnownFileType = sourcecode.swift; path = LanguageSelection.swift; sourceTree = "<group>"; };
		C61A3653205DA3F400350BE9 /* DownloadAppViewController.swift */ = {isa = PBXFileReference; fileEncoding = 4; lastKnownFileType = sourcecode.swift; path = DownloadAppViewController.swift; sourceTree = "<group>"; };
		C61AACC0215B0EE6002D8F89 /* ShadowViewController.swift */ = {isa = PBXFileReference; lastKnownFileType = sourcecode.swift; path = ShadowViewController.swift; sourceTree = "<group>"; };
		C61AE89320C2F16400229FEC /* OtherOptionInfoViewController.swift */ = {isa = PBXFileReference; fileEncoding = 4; lastKnownFileType = sourcecode.swift; path = OtherOptionInfoViewController.swift; sourceTree = "<group>"; };
		C621CFA61F4F6A6500CC6D5B /* MainWindowController.swift */ = {isa = PBXFileReference; fileEncoding = 4; lastKnownFileType = sourcecode.swift; path = MainWindowController.swift; sourceTree = "<group>"; };
		C621CFAB1F4F7DF400CC6D5B /* DriveView.swift */ = {isa = PBXFileReference; fileEncoding = 4; lastKnownFileType = sourcecode.swift; path = DriveView.swift; sourceTree = "<group>"; };
		C6246AF2272E9FE00074216B /* HorizzontalScrollView.swift */ = {isa = PBXFileReference; lastKnownFileType = sourcecode.swift; path = HorizzontalScrollView.swift; sourceTree = "<group>"; };
		C6254B5D26855A620082C7F5 /* OptionsExecution.swift */ = {isa = PBXFileReference; lastKnownFileType = sourcecode.swift; path = OptionsExecution.swift; sourceTree = "<group>"; };
		C62BD175271BE2E800F4ADAD /* AppIcon.png */ = {isa = PBXFileReference; lastKnownFileType = image.png; path = AppIcon.png; sourceTree = "<group>"; };
		C62F545626995A7400F14304 /* DiskutilBase.swift */ = {isa = PBXFileReference; lastKnownFileType = sourcecode.swift; path = DiskutilBase.swift; sourceTree = "<group>"; };
		C62F545826995B3D00F14304 /* DiskutilCommands.swift */ = {isa = PBXFileReference; lastKnownFileType = sourcecode.swift; path = DiskutilCommands.swift; sourceTree = "<group>"; };
		C6322573221C1883003A56D4 /* FilesystemObserver.swift */ = {isa = PBXFileReference; fileEncoding = 4; lastKnownFileType = sourcecode.swift; path = FilesystemObserver.swift; sourceTree = "<group>"; };
		C63885792670D3BA00A6D1BA /* Themes.swift */ = {isa = PBXFileReference; lastKnownFileType = sourcecode.swift; path = Themes.swift; sourceTree = "<group>"; };
		C638857B26725BEC00A6D1BA /* UIManager.swift */ = {isa = PBXFileReference; lastKnownFileType = sourcecode.swift; path = UIManager.swift; sourceTree = "<group>"; };
		C63DD0272265D921007944A5 /* TaskKillManager.swift */ = {isa = PBXFileReference; lastKnownFileType = sourcecode.swift; path = TaskKillManager.swift; sourceTree = "<group>"; };
		C63F035D24E1091400F950B4 /* ProgressBarSettings.json */ = {isa = PBXFileReference; lastKnownFileType = text.json; path = ProgressBarSettings.json; sourceTree = "<group>"; };
		C63F035F24E3D19300F950B4 /* ProgressBarValuesManager.swift */ = {isa = PBXFileReference; lastKnownFileType = sourcecode.swift; path = ProgressBarValuesManager.swift; sourceTree = "<group>"; };
		C63F036124E40F5500F950B4 /* TextAssetsEn.json */ = {isa = PBXFileReference; lastKnownFileType = text.json; path = TextAssetsEn.json; sourceTree = "<group>"; };
		C6409AC6226D35D200E63762 /* CopyrightLabel.swift */ = {isa = PBXFileReference; lastKnownFileType = sourcecode.swift; path = CopyrightLabel.swift; sourceTree = "<group>"; };
		C6422DB9269C33340047DF36 /* diskutilBSDID.swift */ = {isa = PBXFileReference; lastKnownFileType = sourcecode.swift; path = diskutilBSDID.swift; sourceTree = "<group>"; };
		C647B34F211CE2C00024B9A1 /* ToolsBridge.swift */ = {isa = PBXFileReference; fileEncoding = 4; lastKnownFileType = sourcecode.swift; path = ToolsBridge.swift; sourceTree = SOURCE_ROOT; };
		C647B395211CF2C40024B9A1 /* EFIPartitionMounterTypes.swift */ = {isa = PBXFileReference; fileEncoding = 4; lastKnownFileType = sourcecode.swift; name = EFIPartitionMounterTypes.swift; path = "EFI Partition Mounter/EFI Partition Mounter/EFIPartitionMounterTypes.swift"; sourceTree = SOURCE_ROOT; };
		C647B396211CF2C40024B9A1 /* EFIPartitionMounterViewController.swift */ = {isa = PBXFileReference; fileEncoding = 4; lastKnownFileType = sourcecode.swift; name = EFIPartitionMounterViewController.swift; path = "EFI Partition Mounter/EFI Partition Mounter/EFIPartitionMounterViewController.swift"; sourceTree = SOURCE_ROOT; };
		C647B397211CF2C40024B9A1 /* EFIPartitionMounterWindowController.swift */ = {isa = PBXFileReference; fileEncoding = 4; lastKnownFileType = sourcecode.swift; name = EFIPartitionMounterWindowController.swift; path = "EFI Partition Mounter/EFI Partition Mounter/EFIPartitionMounterWindowController.swift"; sourceTree = SOURCE_ROOT; };
		C647B399211CF2C40024B9A1 /* EFIPartitionMounterModel.swift */ = {isa = PBXFileReference; fileEncoding = 4; lastKnownFileType = sourcecode.swift; name = EFIPartitionMounterModel.swift; path = "EFI Partition Mounter/EFI Partition Mounter/EFIPartitionMounterModel.swift"; sourceTree = SOURCE_ROOT; };
		C647B39A211CF2C40024B9A1 /* EFIPartitionMounterUIClasses.swift */ = {isa = PBXFileReference; fileEncoding = 4; lastKnownFileType = sourcecode.swift; name = EFIPartitionMounterUIClasses.swift; path = "EFI Partition Mounter/EFI Partition Mounter/EFIPartitionMounterUIClasses.swift"; sourceTree = SOURCE_ROOT; };
		C647B3AE211D18950024B9A1 /* Base */ = {isa = PBXFileReference; lastKnownFileType = file.storyboard; name = Base; path = "EFI Partition Mounter/EFI Partition Mounter/Base.lproj/EFIPartitionMounterTool.storyboard"; sourceTree = SOURCE_ROOT; };
		C64E56361F51D917007B8CEE /* ChoseAppViewController.swift */ = {isa = PBXFileReference; fileEncoding = 4; lastKnownFileType = sourcecode.swift; path = ChoseAppViewController.swift; sourceTree = "<group>"; };
		C64E56381F51E79C007B8CEE /* ConfirmViewController.swift */ = {isa = PBXFileReference; fileEncoding = 4; lastKnownFileType = sourcecode.swift; path = ConfirmViewController.swift; sourceTree = "<group>"; };
		C64E563A1F522854007B8CEE /* InstallingViewController.swift */ = {isa = PBXFileReference; fileEncoding = 4; lastKnownFileType = sourcecode.swift; path = InstallingViewController.swift; sourceTree = "<group>"; };
		C6553A901F5F7CEA0048965D /* LicenseViewController.swift */ = {isa = PBXFileReference; fileEncoding = 4; lastKnownFileType = sourcecode.swift; path = LicenseViewController.swift; sourceTree = "<group>"; };
		C6553A921F5F83770048965D /* License.rtf */ = {isa = PBXFileReference; fileEncoding = 4; lastKnownFileType = text.rtf; path = License.rtf; sourceTree = "<group>"; };
		C65AA61E1F4F497A00C43223 /* ClassExtensions.swift */ = {isa = PBXFileReference; fileEncoding = 4; lastKnownFileType = sourcecode.swift; path = ClassExtensions.swift; sourceTree = "<group>"; };
		C65AA6201F4F4C0400C43223 /* InfoViewController.swift */ = {isa = PBXFileReference; fileEncoding = 4; lastKnownFileType = sourcecode.swift; path = InfoViewController.swift; sourceTree = "<group>"; };
		C65AA6221F4F4C3400C43223 /* ChoseDriveViewController.swift */ = {isa = PBXFileReference; fileEncoding = 4; lastKnownFileType = sourcecode.swift; path = ChoseDriveViewController.swift; sourceTree = "<group>"; };
		C660D1962529AEB30027FCA0 /* TextManagement.swift */ = {isa = PBXFileReference; lastKnownFileType = sourcecode.swift; path = TextManagement.swift; sourceTree = "<group>"; };
		C660D1982529BB260027FCA0 /* EFIPMTextAssetsIt.json */ = {isa = PBXFileReference; lastKnownFileType = text.json; path = EFIPMTextAssetsIt.json; sourceTree = "<group>"; };
		C660D19B2529BB780027FCA0 /* EFIPMTextAssetsEn.json */ = {isa = PBXFileReference; lastKnownFileType = text.json; name = EFIPMTextAssetsEn.json; path = "EFI Partition Mounter/EFI Partition Mounter/EFIPMTextAssetsEn.json"; sourceTree = SOURCE_ROOT; };
		C660D19D2529F0A70027FCA0 /* EFIPartitionMounterTextManager.swift */ = {isa = PBXFileReference; lastKnownFileType = sourcecode.swift; path = EFIPartitionMounterTextManager.swift; sourceTree = "<group>"; };
		C660D19F252C7A160027FCA0 /* ConfigMenuAppsEn.json */ = {isa = PBXFileReference; lastKnownFileType = text.json; path = ConfigMenuAppsEn.json; sourceTree = "<group>"; };
		C660D1A1252C94860027FCA0 /* ConfigMenuAppsIt.json */ = {isa = PBXFileReference; lastKnownFileType = text.json; path = ConfigMenuAppsIt.json; sourceTree = "<group>"; };
		C6636D332749CFB2008B1C07 /* AppDownloadsEn.json */ = {isa = PBXFileReference; lastKnownFileType = text.json; path = AppDownloadsEn.json; sourceTree = "<group>"; };
		C6636D342749D61F008B1C07 /* RemoteURLs.json */ = {isa = PBXFileReference; lastKnownFileType = text.json; path = RemoteURLs.json; sourceTree = "<group>"; };
		C6636D362749D680008B1C07 /* RemoteReourcesURLsManager.swift */ = {isa = PBXFileReference; lastKnownFileType = sourcecode.swift; path = RemoteReourcesURLsManager.swift; sourceTree = "<group>"; };
		C66411042077A80100454292 /* OtherWindowsControllers.swift */ = {isa = PBXFileReference; fileEncoding = 4; lastKnownFileType = sourcecode.swift; path = OtherWindowsControllers.swift; sourceTree = "<group>"; };
		C676D196215EB20E00E900E9 /* MediaCreationManagerMain.swift */ = {isa = PBXFileReference; lastKnownFileType = sourcecode.swift; path = MediaCreationManagerMain.swift; sourceTree = "<group>"; };
		C682BBE220FFB23600410370 /* Operations.swift */ = {isa = PBXFileReference; lastKnownFileType = sourcecode.swift; path = Operations.swift; sourceTree = "<group>"; };
		C68C79F12505205A00BBDA37 /* TextAssetsIt.json */ = {isa = PBXFileReference; fileEncoding = 4; lastKnownFileType = text.json; path = TextAssetsIt.json; sourceTree = "<group>"; };
		C691BFED1F6DEEA800589EF8 /* Assets.xcassets */ = {isa = PBXFileReference; lastKnownFileType = folder.assetcatalog; path = Assets.xcassets; sourceTree = "<group>"; };
		C691BFEF1F6DFBDB00589EF8 /* TestingVariables.swift */ = {isa = PBXFileReference; fileEncoding = 4; lastKnownFileType = sourcecode.swift; path = TestingVariables.swift; sourceTree = "<group>"; };
		C691D6AA20655C700083D057 /* DriveDetectInfoViewController.swift */ = {isa = PBXFileReference; fileEncoding = 4; lastKnownFileType = sourcecode.swift; path = DriveDetectInfoViewController.swift; sourceTree = "<group>"; };
		C698B47D204CDAE5007B3CD8 /* MacrosReference.swift */ = {isa = PBXFileReference; fileEncoding = 4; lastKnownFileType = sourcecode.swift; path = MacrosReference.swift; sourceTree = "<group>"; };
		C6A3A36924FBAC3500CC8E37 /* ErrorDecodingMessangesEn.json */ = {isa = PBXFileReference; lastKnownFileType = text.json; path = ErrorDecodingMessangesEn.json; sourceTree = "<group>"; };
		C6AD9344239A684D0004704C /* DiskutilList.swift */ = {isa = PBXFileReference; lastKnownFileType = sourcecode.swift; path = DiskutilList.swift; sourceTree = "<group>"; };
		C6AEE8FA24E41A49006135FB /* CodablesGeneric.swift */ = {isa = PBXFileReference; lastKnownFileType = sourcecode.swift; path = CodablesGeneric.swift; sourceTree = "<group>"; };
		C6B74D0920B8E76A001CAD4D /* EFIFolderReplacementManager.swift */ = {isa = PBXFileReference; fileEncoding = 4; lastKnownFileType = sourcecode.swift; path = EFIFolderReplacementManager.swift; sourceTree = "<group>"; };
		C6B74D0B20BA2A79001CAD4D /* EFIPartition.swift */ = {isa = PBXFileReference; fileEncoding = 4; lastKnownFileType = sourcecode.swift; path = EFIPartition.swift; sourceTree = "<group>"; };
		C6BEA10124A3A5AE008997CF /* DiagnosticsModeManager.swift */ = {isa = PBXFileReference; lastKnownFileType = sourcecode.swift; path = DiagnosticsModeManager.swift; sourceTree = "<group>"; };
		C6C1820C1FE7605300617DC2 /* ChooseSideViewController.swift */ = {isa = PBXFileReference; fileEncoding = 4; lastKnownFileType = sourcecode.swift; path = ChooseSideViewController.swift; sourceTree = "<group>"; };
		C6C2EAA62030710A0033EF85 /* SettingsSectionItem.swift */ = {isa = PBXFileReference; fileEncoding = 4; lastKnownFileType = sourcecode.swift; path = SettingsSectionItem.swift; sourceTree = "<group>"; };
		C6CE80F32521C3FB00B28413 /* StringFunctions.swift */ = {isa = PBXFileReference; lastKnownFileType = sourcecode.swift; path = StringFunctions.swift; sourceTree = "<group>"; };
		C6CE80F52521C46200B28413 /* AppBanner.swift */ = {isa = PBXFileReference; lastKnownFileType = sourcecode.swift; path = AppBanner.swift; sourceTree = "<group>"; };
		C6CE80F725245BA300B28413 /* ExternalLinkUI.swift */ = {isa = PBXFileReference; lastKnownFileType = sourcecode.swift; path = ExternalLinkUI.swift; sourceTree = "<group>"; };
		C6D82A6920D802E700A5B5BE /* OptionsObject.swift */ = {isa = PBXFileReference; lastKnownFileType = sourcecode.swift; path = OptionsObject.swift; sourceTree = "<group>"; };
		C6D82A6B20D80C7600A5B5BE /* OptionsManager.swift */ = {isa = PBXFileReference; lastKnownFileType = sourcecode.swift; path = OptionsManager.swift; sourceTree = "<group>"; };
		C6DE523A247EB6EA00FBD2E1 /* TINU.entitlements */ = {isa = PBXFileReference; lastKnownFileType = text.plist.entitlements; path = TINU.entitlements; sourceTree = "<group>"; };
		C6DF04621F4F33C500D200B1 /* TINU.app */ = {isa = PBXFileReference; explicitFileType = wrapper.application; includeInIndex = 0; path = TINU.app; sourceTree = BUILT_PRODUCTS_DIR; };
		C6DF04651F4F33C500D200B1 /* AppDelegate.swift */ = {isa = PBXFileReference; lastKnownFileType = sourcecode.swift; path = AppDelegate.swift; sourceTree = "<group>"; };
		C6DF046C1F4F33C500D200B1 /* Base */ = {isa = PBXFileReference; lastKnownFileType = file.storyboard; name = Base; path = Base.lproj/Main.storyboard; sourceTree = "<group>"; };
		C6DF046E1F4F33C500D200B1 /* Info.plist */ = {isa = PBXFileReference; lastKnownFileType = text.plist.xml; path = Info.plist; sourceTree = "<group>"; };
		C6DF04731F4F33C500D200B1 /* TINUTests.xctest */ = {isa = PBXFileReference; explicitFileType = wrapper.cfbundle; includeInIndex = 0; path = TINUTests.xctest; sourceTree = BUILT_PRODUCTS_DIR; };
		C6DF04771F4F33C500D200B1 /* TINUTests.swift */ = {isa = PBXFileReference; lastKnownFileType = sourcecode.swift; path = TINUTests.swift; sourceTree = "<group>"; };
		C6DF04791F4F33C500D200B1 /* Info.plist */ = {isa = PBXFileReference; lastKnownFileType = text.plist.xml; path = Info.plist; sourceTree = "<group>"; };
		C6DF047E1F4F33C500D200B1 /* TINUUITests.xctest */ = {isa = PBXFileReference; explicitFileType = wrapper.cfbundle; includeInIndex = 0; path = TINUUITests.xctest; sourceTree = BUILT_PRODUCTS_DIR; };
		C6DF04821F4F33C500D200B1 /* TINUUITests.swift */ = {isa = PBXFileReference; lastKnownFileType = sourcecode.swift; path = TINUUITests.swift; sourceTree = "<group>"; };
		C6DF04841F4F33C500D200B1 /* Info.plist */ = {isa = PBXFileReference; lastKnownFileType = text.plist.xml; path = Info.plist; sourceTree = "<group>"; };
		C6E32EA6218142EA006D4BEB /* FileAliasManager.swift */ = {isa = PBXFileReference; lastKnownFileType = sourcecode.swift; path = FileAliasManager.swift; sourceTree = "<group>"; };
		C6E335AD26CED3570078FC0D /* LICENSE */ = {isa = PBXFileReference; fileEncoding = 4; lastKnownFileType = text; path = LICENSE; sourceTree = SOURCE_ROOT; };
		C6E335AE26CED3570078FC0D /* README.md */ = {isa = PBXFileReference; fileEncoding = 4; lastKnownFileType = net.daringfireball.markdown; path = README.md; sourceTree = SOURCE_ROOT; };
		C6F0E84226A7A81E00308B9F /* LogWindowController.swift */ = {isa = PBXFileReference; lastKnownFileType = sourcecode.swift; path = LogWindowController.swift; sourceTree = "<group>"; };
		C6F68E8A20D0277B00F7A0F4 /* PackagesWrapper.swift */ = {isa = PBXFileReference; lastKnownFileType = sourcecode.swift; path = PackagesWrapper.swift; sourceTree = "<group>"; };
		C6FFB5D5267FAA3300CD19CE /* InstallerAppInfo.swift */ = {isa = PBXFileReference; lastKnownFileType = sourcecode.swift; path = InstallerAppInfo.swift; sourceTree = "<group>"; };
		C6FFB5D72681AAF300CD19CE /* CreationProcessDiskInfo.swift */ = {isa = PBXFileReference; lastKnownFileType = sourcecode.swift; path = CreationProcessDiskInfo.swift; sourceTree = "<group>"; };
		C6FFB5D92681AF6D00CD19CE /* CreationProcessManagement.swift */ = {isa = PBXFileReference; lastKnownFileType = sourcecode.swift; path = CreationProcessManagement.swift; sourceTree = "<group>"; };
		DD01EBF01F71BFE600C94D9B /* LogViewController.swift */ = {isa = PBXFileReference; fileEncoding = 4; lastKnownFileType = sourcecode.swift; path = LogViewController.swift; sourceTree = "<group>"; };
		DD06444D27284B6400E362ED /* 2.png */ = {isa = PBXFileReference; lastKnownFileType = image.png; path = 2.png; sourceTree = "<group>"; };
		DD223ECD27149C5D0048EA0F /* 1.png */ = {isa = PBXFileReference; lastKnownFileType = image.png; path = 1.png; sourceTree = "<group>"; };
		DD223ECE27149C5D0048EA0F /* 4.png */ = {isa = PBXFileReference; lastKnownFileType = image.png; path = 4.png; sourceTree = "<group>"; };
		DD223ECF27149C5D0048EA0F /* 5.png */ = {isa = PBXFileReference; lastKnownFileType = image.png; path = 5.png; sourceTree = "<group>"; };
		DD223ED027149C5D0048EA0F /* 3.png */ = {isa = PBXFileReference; lastKnownFileType = image.png; path = 3.png; sourceTree = "<group>"; };
		DD223ED127149C5D0048EA0F /* 8.png */ = {isa = PBXFileReference; lastKnownFileType = image.png; path = 8.png; sourceTree = "<group>"; };
		DD223ED227149C5D0048EA0F /* 6.png */ = {isa = PBXFileReference; lastKnownFileType = image.png; path = 6.png; sourceTree = "<group>"; };
		DD223ED327149C5D0048EA0F /* 7.png */ = {isa = PBXFileReference; lastKnownFileType = image.png; path = 7.png; sourceTree = "<group>"; };
		DD3AC14B1FBB974C00C71F53 /* OtherOptionCheckBox.swift */ = {isa = PBXFileReference; fileEncoding = 4; lastKnownFileType = sourcecode.swift; path = OtherOptionCheckBox.swift; sourceTree = "<group>"; };
		DD5016051F993D4500FB1407 /* GenericViewController.swift */ = {isa = PBXFileReference; fileEncoding = 4; lastKnownFileType = sourcecode.swift; path = GenericViewController.swift; sourceTree = "<group>"; };
		DD75F56C2729BC6000A26474 /* HIDPIDetectionManager.swift */ = {isa = PBXFileReference; lastKnownFileType = sourcecode.swift; path = HIDPIDetectionManager.swift; sourceTree = "<group>"; };
		DD7C7CC4235E26DC000CC2E0 /* DarkModeDetection.swift */ = {isa = PBXFileReference; lastKnownFileType = sourcecode.swift; path = DarkModeDetection.swift; sourceTree = "<group>"; };
		DDA7FB5F1F96AE510029F4F2 /* RuntimeCode.swift */ = {isa = PBXFileReference; fileEncoding = 4; lastKnownFileType = sourcecode.swift; path = RuntimeCode.swift; sourceTree = "<group>"; };
		DDA7FB611F96B13F0029F4F2 /* GenericWindowController.swift */ = {isa = PBXFileReference; fileEncoding = 4; lastKnownFileType = sourcecode.swift; path = GenericWindowController.swift; sourceTree = "<group>"; };
		DDC29012270FCE6900CBDE34 /* ToDo.md */ = {isa = PBXFileReference; fileEncoding = 4; lastKnownFileType = net.daringfireball.markdown; path = ToDo.md; sourceTree = "<group>"; };
		DDCC4ED41FB5C2A7007FBB6F /* OtherOptionsViewController.swift */ = {isa = PBXFileReference; fileEncoding = 4; lastKnownFileType = sourcecode.swift; path = OtherOptionsViewController.swift; sourceTree = "<group>"; };
		DDD038EA1FB7366400D22695 /* ChoseButton.swift */ = {isa = PBXFileReference; fileEncoding = 4; lastKnownFileType = sourcecode.swift; path = ChoseButton.swift; sourceTree = "<group>"; };
		DDDCF67B1F63330B00CF7FE4 /* CreditsViewController.swift */ = {isa = PBXFileReference; fileEncoding = 4; lastKnownFileType = sourcecode.swift; path = CreditsViewController.swift; sourceTree = "<group>"; };
		DDDF14631F6730DA00953634 /* SharedVariables.swift */ = {isa = PBXFileReference; fileEncoding = 4; lastKnownFileType = sourcecode.swift; path = SharedVariables.swift; sourceTree = "<group>"; };
		DDF5ABE2273C0B2000707FAC /* LatestVersion.json */ = {isa = PBXFileReference; lastKnownFileType = text.json; name = LatestVersion.json; path = RemoteResources/Json/LatestVersion.json; sourceTree = SOURCE_ROOT; };
		DDF5ABEB273C0F8A00707FAC /* UpdateManager.swift */ = {isa = PBXFileReference; lastKnownFileType = sourcecode.swift; path = UpdateManager.swift; sourceTree = "<group>"; };
		DDF9A5682159A05800389F78 /* ShadowView.swift */ = {isa = PBXFileReference; lastKnownFileType = sourcecode.swift; path = ShadowView.swift; sourceTree = "<group>"; };
/* End PBXFileReference section */

/* Begin PBXFrameworksBuildPhase section */
		C6DF045F1F4F33C500D200B1 /* Frameworks */ = {
			isa = PBXFrameworksBuildPhase;
			buildActionMask = 2147483647;
			files = (
				C6636D2F2747F8B2008B1C07 /* TINUSerialization in Frameworks */,
				C6254B80268933740082C7F5 /* Command in Frameworks */,
				C6254B8626897EA20082C7F5 /* SwiftCPUDetect in Frameworks */,
				C6254B83268933950082C7F5 /* CommandSudo in Frameworks */,
				C6254B7A26892ADD0082C7F5 /* TINURecovery in Frameworks */,
				C6BF64842692B61E00A0B094 /* SwiftLoggedPrint in Frameworks */,
				C6254B7D268933600082C7F5 /* TINUNotifications in Frameworks */,
			);
			runOnlyForDeploymentPostprocessing = 0;
		};
		C6DF04701F4F33C500D200B1 /* Frameworks */ = {
			isa = PBXFrameworksBuildPhase;
			buildActionMask = 2147483647;
			files = (
			);
			runOnlyForDeploymentPostprocessing = 0;
		};
		C6DF047B1F4F33C500D200B1 /* Frameworks */ = {
			isa = PBXFrameworksBuildPhase;
			buildActionMask = 2147483647;
			files = (
			);
			runOnlyForDeploymentPostprocessing = 0;
		};
/* End PBXFrameworksBuildPhase section */

/* Begin PBXGroup section */
		C600803C251A910800FE35E2 /* JSON */ = {
			isa = PBXGroup;
			children = (
				C6188D972513828E00BCBC51 /* AppDownloadsEn.json */,
				C6A3A36924FBAC3500CC8E37 /* ErrorDecodingMessangesEn.json */,
				C6188D992513DF3400BCBC51 /* ErrorDecodingMessangesIt.json */,
				C63F035D24E1091400F950B4 /* ProgressBarSettings.json */,
				C6636D342749D61F008B1C07 /* RemoteURLs.json */,
				C63F036124E40F5500F950B4 /* TextAssetsEn.json */,
				C68C79F12505205A00BBDA37 /* TextAssetsIt.json */,
			);
			name = JSON;
			sourceTree = "<group>";
		};
		C60C40C520CCAD9C00258574 /* Managers */ = {
			isa = PBXGroup;
			children = (
				C60C40BB20CCA2BB00258574 /* App.swift */,
				DDE56DBB273F39BD00B36794 /* CreationProcessInfo */,
				C60C40C320CCACB600258574 /* DecodeEncode.swift */,
				C6BEA10124A3A5AE008997CF /* DiagnosticsModeManager.swift */,
				C6B74D0920B8E76A001CAD4D /* EFIFolderReplacementManager.swift */,
				C6E32EA6218142EA006D4BEB /* FileAliasManager.swift */,
				C615B811216AEF3F00913BFF /* MediaCreationManager */,
				C6D82A6B20D80C7600A5B5BE /* OptionsManager.swift */,
				C6254B5D26855A620082C7F5 /* OptionsExecution.swift */,
				DD75F56C2729BC6000A26474 /* HIDPIDetectionManager.swift */,
				C60C40B720CC9E4800258574 /* IconsManager.swift */,
				C6F68E8A20D0277B00F7A0F4 /* PackagesWrapper.swift */,
				C63F035F24E3D19300F950B4 /* ProgressBarValuesManager.swift */,
				C6636D362749D680008B1C07 /* RemoteReourcesURLsManager.swift */,
				C63DD0272265D921007944A5 /* TaskKillManager.swift */,
				C60C40B920CCA24000258574 /* TextsManager.swift */,
				C63885792670D3BA00A6D1BA /* Themes.swift */,
				C638857B26725BEC00A6D1BA /* UIManager.swift */,
				DDF5ABEB273C0F8A00707FAC /* UpdateManager.swift */,
			);
			name = Managers;
			sourceTree = "<group>";
		};
		C60D39B51F5EB48000D94834 /* WindowsControllers */ = {
			isa = PBXGroup;
			children = (
				C6F0E84226A7A81E00308B9F /* LogWindowController.swift */,
				C621CFA61F4F6A6500CC6D5B /* MainWindowController.swift */,
				C66411042077A80100454292 /* OtherWindowsControllers.swift */,
			);
			name = WindowsControllers;
			sourceTree = "<group>";
		};
		C60D39B61F5EB4A000D94834 /* OtherCode */ = {
			isa = PBXGroup;
			children = (
				C60C40C520CCAD9C00258574 /* Managers */,
				DD01EBEA1F71A73700C94D9B /* CustomClasses */,
				DD01EBEB1F71A75B00C94D9B /* SharedCode */,
			);
			name = OtherCode;
			sourceTree = "<group>";
		};
		C60D39B71F5EB4C800D94834 /* ViewControllers */ = {
			isa = PBXGroup;
			children = (
				C60D39B11F5E4AFC00D94834 /* ContactsViewController.swift */,
				DDDCF67B1F63330B00CF7FE4 /* CreditsViewController.swift */,
				C691D6AA20655C700083D057 /* DriveDetectInfoViewController.swift */,
				C61A3653205DA3F400350BE9 /* DownloadAppViewController.swift */,
				C6C1820C1FE7605300617DC2 /* ChooseSideViewController.swift */,
				C65AA6201F4F4C0400C43223 /* InfoViewController.swift */,
				C6553A901F5F7CEA0048965D /* LicenseViewController.swift */,
				C65AA6221F4F4C3400C43223 /* ChoseDriveViewController.swift */,
				C64E56361F51D917007B8CEE /* ChoseAppViewController.swift */,
				DDCC4ED41FB5C2A7007FBB6F /* OtherOptionsViewController.swift */,
				C61AE89320C2F16400229FEC /* OtherOptionInfoViewController.swift */,
				C64E56381F51E79C007B8CEE /* ConfirmViewController.swift */,
				C64E563A1F522854007B8CEE /* InstallingViewController.swift */,
				C60D48CC1F585F7F00ABF26E /* MainCreationFinished.swift */,
				DD01EBF01F71BFE600C94D9B /* LogViewController.swift */,
			);
			name = ViewControllers;
			sourceTree = "<group>";
		};
		C615B811216AEF3F00913BFF /* MediaCreationManager */ = {
			isa = PBXGroup;
			children = (
				C676D196215EB20E00E900E9 /* MediaCreationManagerMain.swift */,
				C615B812216AEF7A00913BFF /* MediaCreationManagerPreProcess.swift */,
				C615B814216AF04D00913BFF /* MediaCreationManagerFunctions.swift */,
				C615B818216B0E9400913BFF /* MediaCreationManagerTimers.swift */,
				C615B816216B0B8900913BFF /* MediaCreationManagerErrorChecking.swift */,
				C615B81A216B30D000913BFF /* MediaCreationManagerPostProcesses.swift */,
				C682BBE220FFB23600410370 /* Operations.swift */,
			);
			name = MediaCreationManager;
			sourceTree = "<group>";
		};
		C649CC8F211A4ECF00A6B47B /* Tools */ = {
			isa = PBXGroup;
			children = (
				C647B34F211CE2C00024B9A1 /* ToolsBridge.swift */,
				C649CC90211A4EE100A6B47B /* EFIPartitionMounterTool */,
			);
			name = Tools;
			sourceTree = "<group>";
		};
		C649CC90211A4EE100A6B47B /* EFIPartitionMounterTool */ = {
			isa = PBXGroup;
			children = (
				C660D19A2529BB3B0027FCA0 /* JSON */,
				C647B3AD211D18950024B9A1 /* EFIPartitionMounterTool.storyboard */,
				C647B399211CF2C40024B9A1 /* EFIPartitionMounterModel.swift */,
				C660D19D2529F0A70027FCA0 /* EFIPartitionMounterTextManager.swift */,
				C647B395211CF2C40024B9A1 /* EFIPartitionMounterTypes.swift */,
				C647B39A211CF2C40024B9A1 /* EFIPartitionMounterUIClasses.swift */,
				C647B396211CF2C40024B9A1 /* EFIPartitionMounterViewController.swift */,
				C647B397211CF2C40024B9A1 /* EFIPartitionMounterWindowController.swift */,
			);
			name = EFIPartitionMounterTool;
			sourceTree = "<group>";
		};
		C6553A941F5F83DC0048965D /* Resources */ = {
			isa = PBXGroup;
			children = (
				C6553A921F5F83770048965D /* License.rtf */,
			);
			name = Resources;
			sourceTree = "<group>";
		};
		C660D19A2529BB3B0027FCA0 /* JSON */ = {
			isa = PBXGroup;
			children = (
				C660D1A1252C94860027FCA0 /* ConfigMenuAppsIt.json */,
				C660D19F252C7A160027FCA0 /* ConfigMenuAppsEn.json */,
				C660D1982529BB260027FCA0 /* EFIPMTextAssetsIt.json */,
				C660D19B2529BB780027FCA0 /* EFIPMTextAssetsEn.json */,
			);
			name = JSON;
			sourceTree = "<group>";
		};
		C6636D302749CEDE008B1C07 /* RemoteResources */ = {
			isa = PBXGroup;
			children = (
				C6636D322749CF02008B1C07 /* Images */,
				C6636D312749CEF4008B1C07 /* Json */,
			);
			path = RemoteResources;
			sourceTree = "<group>";
		};
		C6636D312749CEF4008B1C07 /* Json */ = {
			isa = PBXGroup;
			children = (
				DDF5ABE2273C0B2000707FAC /* LatestVersion.json */,
				C6636D332749CFB2008B1C07 /* AppDownloadsEn.json */,
			);
			path = Json;
			sourceTree = "<group>";
		};
		C6636D322749CF02008B1C07 /* Images */ = {
			isa = PBXGroup;
			children = (
			);
			path = Images;
			sourceTree = "<group>";
		};
		C6A4283726B23D0C00921658 /* Diskutil */ = {
			isa = PBXGroup;
			children = (
				C6B74D0B20BA2A79001CAD4D /* EFIPartition.swift */,
				C62F545626995A7400F14304 /* DiskutilBase.swift */,
				C6422DB9269C33340047DF36 /* diskutilBSDID.swift */,
				C62F545826995B3D00F14304 /* DiskutilCommands.swift */,
				C60C40C620CCAE6200258574 /* DiskutilInfo.swift */,
				C6AD9344239A684D0004704C /* DiskutilList.swift */,
			);
			path = Diskutil;
			sourceTree = "<group>";
		};
		C6CE80F125219BA400B28413 /* UI */ = {
			isa = PBXGroup;
			children = (
				DDD038EA1FB7366400D22695 /* ChoseButton.swift */,
				C6409AC6226D35D200E63762 /* CopyrightLabel.swift */,
				C621CFAB1F4F7DF400CC6D5B /* DriveView.swift */,
				C60B646A20B4464200FEDAA6 /* EFIFolderReplcament.swift */,
				C6CE80F725245BA300B28413 /* ExternalLinkUI.swift */,
				DDA7FB611F96B13F0029F4F2 /* GenericWindowController.swift */,
				DD5016051F993D4500FB1407 /* GenericViewController.swift */,
				C6246AF2272E9FE00074216B /* HorizzontalScrollView.swift */,
				DD3AC14B1FBB974C00C71F53 /* OtherOptionCheckBox.swift */,
				C6C2EAA62030710A0033EF85 /* SettingsSectionItem.swift */,
				C61AACC0215B0EE6002D8F89 /* ShadowViewController.swift */,
				DDF9A5682159A05800389F78 /* ShadowView.swift */,
			);
			name = UI;
			sourceTree = "<group>";
		};
		C6CE80F225219BE900B28413 /* Other */ = {
			isa = PBXGroup;
			children = (
				C6AEE8FA24E41A49006135FB /* CodablesGeneric.swift */,
				C6A4283726B23D0C00921658 /* Diskutil */,
				C6322573221C1883003A56D4 /* FilesystemObserver.swift */,
				C6FFB5D5267FAA3300CD19CE /* InstallerAppInfo.swift */,
				C6D82A6920D802E700A5B5BE /* OptionsObject.swift */,
				C60D39AF1F5E136500D94834 /* Part.swift */,
				C60A461623A942E4009ADF4D /* SupportedEFIFolders.swift */,
				C660D1962529AEB30027FCA0 /* TextManagement.swift */,
			);
			name = Other;
			sourceTree = "<group>";
		};
		C6DF04591F4F33C500D200B1 = {
			isa = PBXGroup;
			children = (
				C6636D302749CEDE008B1C07 /* RemoteResources */,
				C6DF04641F4F33C500D200B1 /* TINU */,
				C6DF04761F4F33C500D200B1 /* TINUTests */,
				C6DF04811F4F33C500D200B1 /* TINUUITests */,
				C6DF04631F4F33C500D200B1 /* Products */,
			);
			sourceTree = "<group>";
			usesTabs = 1;
		};
		C6DF04631F4F33C500D200B1 /* Products */ = {
			isa = PBXGroup;
			children = (
				C6DF04621F4F33C500D200B1 /* TINU.app */,
				C6DF04731F4F33C500D200B1 /* TINUTests.xctest */,
				C6DF047E1F4F33C500D200B1 /* TINUUITests.xctest */,
			);
			name = Products;
			sourceTree = "<group>";
		};
		C6DF04641F4F33C500D200B1 /* TINU */ = {
			isa = PBXGroup;
			children = (
				DD223EDC27149D0A0048EA0F /* Screenshots */,
				C6E335AD26CED3570078FC0D /* LICENSE */,
				C6E335AE26CED3570078FC0D /* README.md */,
				C6DE523A247EB6EA00FBD2E1 /* TINU.entitlements */,
				C6DF046E1F4F33C500D200B1 /* Info.plist */,
				C691BFED1F6DEEA800589EF8 /* Assets.xcassets */,
				C600803C251A910800FE35E2 /* JSON */,
				C6553A941F5F83DC0048965D /* Resources */,
				C6DF046B1F4F33C500D200B1 /* Main.storyboard */,
				C698B47D204CDAE5007B3CD8 /* MacrosReference.swift */,
				C6DF04651F4F33C500D200B1 /* AppDelegate.swift */,
				DDC29012270FCE6900CBDE34 /* ToDo.md */,
				C649CC8F211A4ECF00A6B47B /* Tools */,
				C60D39B51F5EB48000D94834 /* WindowsControllers */,
				C60D39B71F5EB4C800D94834 /* ViewControllers */,
				C60D39B61F5EB4A000D94834 /* OtherCode */,
			);
			path = TINU;
			sourceTree = "<group>";
		};
		C6DF04761F4F33C500D200B1 /* TINUTests */ = {
			isa = PBXGroup;
			children = (
				C6DF04771F4F33C500D200B1 /* TINUTests.swift */,
				C6DF04791F4F33C500D200B1 /* Info.plist */,
			);
			path = TINUTests;
			sourceTree = "<group>";
		};
		C6DF04811F4F33C500D200B1 /* TINUUITests */ = {
			isa = PBXGroup;
			children = (
				C6DF04821F4F33C500D200B1 /* TINUUITests.swift */,
				C6DF04841F4F33C500D200B1 /* Info.plist */,
			);
			path = TINUUITests;
			sourceTree = "<group>";
		};
		DD01EBEA1F71A73700C94D9B /* CustomClasses */ = {
			isa = PBXGroup;
			children = (
				C6CE80F225219BE900B28413 /* Other */,
				C6CE80F125219BA400B28413 /* UI */,
			);
			name = CustomClasses;
			sourceTree = "<group>";
		};
		DD01EBEB1F71A75B00C94D9B /* SharedCode */ = {
			isa = PBXGroup;
			children = (
				C60B6C8220F80FCC0088B658 /* AllertFunctions.swift */,
				C6188D95251306FC00BCBC51 /* AllertFunctionsWithTextManager.swift */,
				C6CE80F52521C46200B28413 /* AppBanner.swift */,
				C65AA61E1F4F497A00C43223 /* ClassExtensions.swift */,
				DD7C7CC4235E26DC000CC2E0 /* DarkModeDetection.swift */,
				C6188D9B25157F8400BCBC51 /* LanguageSelection.swift */,
				DDA7FB5F1F96AE510029F4F2 /* RuntimeCode.swift */,
				DDDF14631F6730DA00953634 /* SharedVariables.swift */,
				C6CE80F32521C3FB00B28413 /* StringFunctions.swift */,
				C691BFEF1F6DFBDB00589EF8 /* TestingVariables.swift */,
			);
			name = SharedCode;
			sourceTree = "<group>";
		};
		DD223EDC27149D0A0048EA0F /* Screenshots */ = {
			isa = PBXGroup;
			children = (
				DD223ECD27149C5D0048EA0F /* 1.png */,
				DD06444D27284B6400E362ED /* 2.png */,
				DD223ED027149C5D0048EA0F /* 3.png */,
				DD223ECE27149C5D0048EA0F /* 4.png */,
				DD223ECF27149C5D0048EA0F /* 5.png */,
				DD223ED227149C5D0048EA0F /* 6.png */,
				DD223ED327149C5D0048EA0F /* 7.png */,
				DD223ED127149C5D0048EA0F /* 8.png */,
				C62BD175271BE2E800F4ADAD /* AppIcon.png */,
			);
			path = Screenshots;
			sourceTree = "<group>";
		};
		DDE56DBB273F39BD00B36794 /* CreationProcessInfo */ = {
			isa = PBXGroup;
			children = (
				C60C40BF20CCA9DC00258574 /* CreationProcess.swift */,
				C6FFB5D72681AAF300CD19CE /* CreationProcessDiskInfo.swift */,
				C60C40C120CCAA9900258574 /* CreationProcessInstallerAppManager.swift */,
				C6FFB5D92681AF6D00CD19CE /* CreationProcessManagement.swift */,
			);
			name = CreationProcessInfo;
			sourceTree = "<group>";
		};
/* End PBXGroup section */

/* Begin PBXNativeTarget section */
		C6DF04611F4F33C500D200B1 /* TINU */ = {
			isa = PBXNativeTarget;
			buildConfigurationList = C6DF04871F4F33C500D200B1 /* Build configuration list for PBXNativeTarget "TINU" */;
			buildPhases = (
				C6DF045E1F4F33C500D200B1 /* Sources */,
				C6DF045F1F4F33C500D200B1 /* Frameworks */,
				C6DF04601F4F33C500D200B1 /* Resources */,
				C6C47E6E21B006F7001A5F26 /* Increment Build Number automatically script */,
				C6461B56234A384B00D391C6 /* ShellScript */,
			);
			buildRules = (
			);
			dependencies = (
			);
			name = TINU;
			packageProductDependencies = (
				C6254B7926892ADD0082C7F5 /* TINURecovery */,
				C6254B7C268933600082C7F5 /* TINUNotifications */,
				C6254B7F268933740082C7F5 /* Command */,
				C6254B82268933950082C7F5 /* CommandSudo */,
				C6254B8526897EA20082C7F5 /* SwiftCPUDetect */,
				C6BF64832692B61E00A0B094 /* SwiftLoggedPrint */,
				C6636D2E2747F8B2008B1C07 /* TINUSerialization */,
			);
			productName = TINU;
			productReference = C6DF04621F4F33C500D200B1 /* TINU.app */;
			productType = "com.apple.product-type.application";
		};
		C6DF04721F4F33C500D200B1 /* TINUTests */ = {
			isa = PBXNativeTarget;
			buildConfigurationList = C6DF048A1F4F33C500D200B1 /* Build configuration list for PBXNativeTarget "TINUTests" */;
			buildPhases = (
				C6DF046F1F4F33C500D200B1 /* Sources */,
				C6DF04701F4F33C500D200B1 /* Frameworks */,
				C6DF04711F4F33C500D200B1 /* Resources */,
			);
			buildRules = (
			);
			dependencies = (
				C6DF04751F4F33C500D200B1 /* PBXTargetDependency */,
			);
			name = TINUTests;
			productName = TINUTests;
			productReference = C6DF04731F4F33C500D200B1 /* TINUTests.xctest */;
			productType = "com.apple.product-type.bundle.unit-test";
		};
		C6DF047D1F4F33C500D200B1 /* TINUUITests */ = {
			isa = PBXNativeTarget;
			buildConfigurationList = C6DF048D1F4F33C500D200B1 /* Build configuration list for PBXNativeTarget "TINUUITests" */;
			buildPhases = (
				C6DF047A1F4F33C500D200B1 /* Sources */,
				C6DF047B1F4F33C500D200B1 /* Frameworks */,
				C6DF047C1F4F33C500D200B1 /* Resources */,
			);
			buildRules = (
			);
			dependencies = (
				C6DF04801F4F33C500D200B1 /* PBXTargetDependency */,
			);
			name = TINUUITests;
			productName = TINUUITests;
			productReference = C6DF047E1F4F33C500D200B1 /* TINUUITests.xctest */;
			productType = "com.apple.product-type.bundle.ui-testing";
		};
/* End PBXNativeTarget section */

/* Begin PBXProject section */
		C6DF045A1F4F33C500D200B1 /* Project object */ = {
			isa = PBXProject;
			attributes = {
				LastSwiftUpdateCheck = 0830;
				LastUpgradeCheck = 1300;
				ORGANIZATIONNAME = "Pietro Caruso";
				TargetAttributes = {
					C6DF04611F4F33C500D200B1 = {
						CreatedOnToolsVersion = 8.3.1;
						LastSwiftMigration = 1240;
						ProvisioningStyle = Manual;
						SystemCapabilities = {
							com.apple.ApplicationGroups.Mac = {
								enabled = 0;
							};
							com.apple.HardenedRuntime = {
								enabled = 1;
							};
							com.apple.Keychain = {
								enabled = 0;
							};
							com.apple.Sandbox = {
								enabled = 0;
							};
						};
					};
					C6DF04721F4F33C500D200B1 = {
						CreatedOnToolsVersion = 8.3.1;
						DevelopmentTeam = 9RSH5734GY;
						LastSwiftMigration = 1240;
						ProvisioningStyle = Automatic;
						TestTargetID = C6DF04611F4F33C500D200B1;
					};
					C6DF047D1F4F33C500D200B1 = {
						CreatedOnToolsVersion = 8.3.1;
						DevelopmentTeam = 9RSH5734GY;
						LastSwiftMigration = 1240;
						ProvisioningStyle = Automatic;
						TestTargetID = C6DF04611F4F33C500D200B1;
					};
				};
			};
			buildConfigurationList = C6DF045D1F4F33C500D200B1 /* Build configuration list for PBXProject "TINU" */;
			compatibilityVersion = "Xcode 3.2";
			developmentRegion = en;
			hasScannedForEncodings = 0;
			knownRegions = (
				en,
				Base,
				it,
			);
			mainGroup = C6DF04591F4F33C500D200B1;
			packageReferences = (
				C6254B7826892ADD0082C7F5 /* XCRemoteSwiftPackageReference "TINURecovery" */,
				C6254B7B268933600082C7F5 /* XCRemoteSwiftPackageReference "TINUNotifications" */,
				C6254B7E268933740082C7F5 /* XCRemoteSwiftPackageReference "Command" */,
				C6254B81268933950082C7F5 /* XCRemoteSwiftPackageReference "CommandSudo" */,
				C6254B8426897EA20082C7F5 /* XCRemoteSwiftPackageReference "SwiftCPUDetect" */,
				C6BF64822692B61E00A0B094 /* XCRemoteSwiftPackageReference "SwiftLoggedPrint" */,
				C6636D2D2747F8B1008B1C07 /* XCRemoteSwiftPackageReference "TINUSerialization" */,
			);
			productRefGroup = C6DF04631F4F33C500D200B1 /* Products */;
			projectDirPath = "";
			projectRoot = "";
			targets = (
				C6DF04611F4F33C500D200B1 /* TINU */,
				C6DF04721F4F33C500D200B1 /* TINUTests */,
				C6DF047D1F4F33C500D200B1 /* TINUUITests */,
			);
		};
/* End PBXProject section */

/* Begin PBXResourcesBuildPhase section */
		C6DF04601F4F33C500D200B1 /* Resources */ = {
			isa = PBXResourcesBuildPhase;
			buildActionMask = 2147483647;
			files = (
				DD223ED627149C5D0048EA0F /* 4.png in Resources */,
				C647B3AF211D18950024B9A1 /* EFIPartitionMounterTool.storyboard in Resources */,
				C6188D9A2513DF3400BCBC51 /* ErrorDecodingMessangesIt.json in Resources */,
				DD223ED927149C5D0048EA0F /* 8.png in Resources */,
				C6DF046D1F4F33C500D200B1 /* Main.storyboard in Resources */,
				DD223EDA27149C5D0048EA0F /* 6.png in Resources */,
				C660D1A2252C94860027FCA0 /* ConfigMenuAppsIt.json in Resources */,
				C62BD176271BE2E800F4ADAD /* AppIcon.png in Resources */,
				C660D1A0252C7A160027FCA0 /* ConfigMenuAppsEn.json in Resources */,
				C6636D352749D61F008B1C07 /* RemoteURLs.json in Resources */,
				C660D1992529BB260027FCA0 /* EFIPMTextAssetsIt.json in Resources */,
				DD223ED827149C5D0048EA0F /* 3.png in Resources */,
				C63F036224E40F5500F950B4 /* TextAssetsEn.json in Resources */,
				DD223ED727149C5D0048EA0F /* 5.png in Resources */,
				DD223EDB27149C5D0048EA0F /* 7.png in Resources */,
				C691BFEE1F6DEEA800589EF8 /* Assets.xcassets in Resources */,
				C660D19C2529BB780027FCA0 /* EFIPMTextAssetsEn.json in Resources */,
				DDC29013270FCE6900CBDE34 /* ToDo.md in Resources */,
				DD223ED527149C5D0048EA0F /* 1.png in Resources */,
				DD06444E27284B6400E362ED /* 2.png in Resources */,
				C68C79F22505205A00BBDA37 /* TextAssetsIt.json in Resources */,
				C6188D982513828E00BCBC51 /* AppDownloadsEn.json in Resources */,
				C6A3A36A24FBAC3500CC8E37 /* ErrorDecodingMessangesEn.json in Resources */,
				C6553A931F5F83770048965D /* License.rtf in Resources */,
				C63F035E24E1091400F950B4 /* ProgressBarSettings.json in Resources */,
			);
			runOnlyForDeploymentPostprocessing = 0;
		};
		C6DF04711F4F33C500D200B1 /* Resources */ = {
			isa = PBXResourcesBuildPhase;
			buildActionMask = 2147483647;
			files = (
			);
			runOnlyForDeploymentPostprocessing = 0;
		};
		C6DF047C1F4F33C500D200B1 /* Resources */ = {
			isa = PBXResourcesBuildPhase;
			buildActionMask = 2147483647;
			files = (
			);
			runOnlyForDeploymentPostprocessing = 0;
		};
/* End PBXResourcesBuildPhase section */

/* Begin PBXShellScriptBuildPhase section */
		C6461B56234A384B00D391C6 /* ShellScript */ = {
			isa = PBXShellScriptBuildPhase;
			buildActionMask = 2147483647;
			files = (
			);
			inputFileListPaths = (
			);
			inputPaths = (
			);
			outputFileListPaths = (
			);
			outputPaths = (
			);
			runOnlyForDeploymentPostprocessing = 0;
			shellPath = /bin/sh;
			shellScript = "# Type a script or drag a script file from your workspace to insert its path.\n";
		};
		C6C47E6E21B006F7001A5F26 /* Increment Build Number automatically script */ = {
			isa = PBXShellScriptBuildPhase;
			buildActionMask = 2147483647;
			files = (
			);
			inputFileListPaths = (
			);
			inputPaths = (
			);
			name = "Increment Build Number automatically script";
			outputFileListPaths = (
			);
			outputPaths = (
			);
			runOnlyForDeploymentPostprocessing = 0;
			shellPath = /bin/sh;
			shellScript = "# Type a script or drag a script file from your workspace to insert its path.\n#buildNumber=$(/usr/libexec/PlistBuddy -c \"Print CFBundleVersion\" \"${PROJECT_DIR}/${INFOPLIST_FILE}\")\n#buildNumber=$(($buildNumber + 1))\n#/usr/libexec/PlistBuddy -c \"Set :CFBundleVersion $buildNumber\" \"${PROJECT_DIR}/${INFOPLIST_FILE}\"\n";
		};
/* End PBXShellScriptBuildPhase section */

/* Begin PBXSourcesBuildPhase section */
		C6DF045E1F4F33C500D200B1 /* Sources */ = {
			isa = PBXSourcesBuildPhase;
			buildActionMask = 2147483647;
			files = (
				C621CFA71F4F6A6500CC6D5B /* MainWindowController.swift in Sources */,
				C6636D372749D680008B1C07 /* RemoteReourcesURLsManager.swift in Sources */,
				C621CFAC1F4F7DF400CC6D5B /* DriveView.swift in Sources */,
				C6BEA10224A3A5AE008997CF /* DiagnosticsModeManager.swift in Sources */,
				C65AA61F1F4F497A00C43223 /* ClassExtensions.swift in Sources */,
				DD75F56D2729BC6000A26474 /* HIDPIDetectionManager.swift in Sources */,
				C6FFB5D82681AAF300CD19CE /* CreationProcessDiskInfo.swift in Sources */,
				C691BFF01F6DFBDB00589EF8 /* TestingVariables.swift in Sources */,
				C615B815216AF04D00913BFF /* MediaCreationManagerFunctions.swift in Sources */,
				C64E56391F51E79C007B8CEE /* ConfirmViewController.swift in Sources */,
				DDCC4ED51FB5C2A7007FBB6F /* OtherOptionsViewController.swift in Sources */,
				C60C40BC20CCA2BB00258574 /* App.swift in Sources */,
				C615B819216B0E9400913BFF /* MediaCreationManagerTimers.swift in Sources */,
				C682BBE320FFB23600410370 /* Operations.swift in Sources */,
				DDDCF67C1F63330B00CF7FE4 /* CreditsViewController.swift in Sources */,
				C647B39C211CF2C40024B9A1 /* EFIPartitionMounterViewController.swift in Sources */,
				C6CE80F825245BA300B28413 /* ExternalLinkUI.swift in Sources */,
				C647B39B211CF2C40024B9A1 /* EFIPartitionMounterTypes.swift in Sources */,
				C647B350211CE2C00024B9A1 /* ToolsBridge.swift in Sources */,
				C660D19E2529F0A70027FCA0 /* EFIPartitionMounterTextManager.swift in Sources */,
				C6C2EAA72030710A0033EF85 /* SettingsSectionItem.swift in Sources */,
				C691D6AB20655C700083D057 /* DriveDetectInfoViewController.swift in Sources */,
				C63DD0282265D921007944A5 /* TaskKillManager.swift in Sources */,
				C65AA6211F4F4C0400C43223 /* InfoViewController.swift in Sources */,
				C60D39B21F5E4AFC00D94834 /* ContactsViewController.swift in Sources */,
				C6D82A6A20D802E700A5B5BE /* OptionsObject.swift in Sources */,
				C6D82A6C20D80C7600A5B5BE /* OptionsManager.swift in Sources */,
				C60A461723A942E4009ADF4D /* SupportedEFIFolders.swift in Sources */,
				C62F545926995B3D00F14304 /* DiskutilCommands.swift in Sources */,
				DDDF14641F6730DA00953634 /* SharedVariables.swift in Sources */,
				DDF5ABEC273C0F8A00707FAC /* UpdateManager.swift in Sources */,
				C6C1820D1FE7605300617DC2 /* ChooseSideViewController.swift in Sources */,
				DDD038EB1FB7366400D22695 /* ChoseButton.swift in Sources */,
				C60C40C020CCA9DC00258574 /* CreationProcess.swift in Sources */,
				C638857C26725BEC00A6D1BA /* UIManager.swift in Sources */,
				DDA7FB601F96AE510029F4F2 /* RuntimeCode.swift in Sources */,
				C61AE89420C2F16400229FEC /* OtherOptionInfoViewController.swift in Sources */,
				C6FFB5D6267FAA3300CD19CE /* InstallerAppInfo.swift in Sources */,
				C6F68E8B20D0277B00F7A0F4 /* PackagesWrapper.swift in Sources */,
				C60C40BA20CCA24000258574 /* TextsManager.swift in Sources */,
				C61AACC1215B0EE6002D8F89 /* ShadowViewController.swift in Sources */,
				C60B6C8320F80FCC0088B658 /* AllertFunctions.swift in Sources */,
				C6AD9345239A684D0004704C /* DiskutilList.swift in Sources */,
				C60D39B01F5E136500D94834 /* Part.swift in Sources */,
				C6409AC7226D35D200E63762 /* CopyrightLabel.swift in Sources */,
				C660D1972529AEB30027FCA0 /* TextManagement.swift in Sources */,
				C6246AF3272E9FE00074216B /* HorizzontalScrollView.swift in Sources */,
				C60B646B20B4464200FEDAA6 /* EFIFolderReplcament.swift in Sources */,
				C60C40C720CCAE6200258574 /* DiskutilInfo.swift in Sources */,
				C60D48CD1F585F7F00ABF26E /* MainCreationFinished.swift in Sources */,
				C60C40C220CCAA9900258574 /* CreationProcessInstallerAppManager.swift in Sources */,
				C63F036024E3D19300F950B4 /* ProgressBarValuesManager.swift in Sources */,
				DD7C7CC5235E26DC000CC2E0 /* DarkModeDetection.swift in Sources */,
				DD01EBF11F71BFE600C94D9B /* LogViewController.swift in Sources */,
				C60C40C420CCACB600258574 /* DecodeEncode.swift in Sources */,
				C60C40B820CC9E4800258574 /* IconsManager.swift in Sources */,
				C6E32EA7218142EA006D4BEB /* FileAliasManager.swift in Sources */,
				C6322574221C1883003A56D4 /* FilesystemObserver.swift in Sources */,
				C6FFB5DA2681AF6D00CD19CE /* CreationProcessManagement.swift in Sources */,
				C64E56371F51D917007B8CEE /* ChoseAppViewController.swift in Sources */,
				C615B813216AEF7A00913BFF /* MediaCreationManagerPreProcess.swift in Sources */,
				DDF9A5692159A05800389F78 /* ShadowView.swift in Sources */,
				C615B81B216B30D000913BFF /* MediaCreationManagerPostProcesses.swift in Sources */,
				C647B39D211CF2C40024B9A1 /* EFIPartitionMounterWindowController.swift in Sources */,
				C6CE80F62521C46200B28413 /* AppBanner.swift in Sources */,
				DD5016061F993D4500FB1407 /* GenericViewController.swift in Sources */,
				C647B39F211CF2C40024B9A1 /* EFIPartitionMounterModel.swift in Sources */,
				C6B74D0A20B8E76A001CAD4D /* EFIFolderReplacementManager.swift in Sources */,
				C6B74D0C20BA2A79001CAD4D /* EFIPartition.swift in Sources */,
				DDA7FB621F96B13F0029F4F2 /* GenericWindowController.swift in Sources */,
				C638857A2670D3BA00A6D1BA /* Themes.swift in Sources */,
				C698B47E204CDAE5007B3CD8 /* MacrosReference.swift in Sources */,
				C6CE80F42521C3FB00B28413 /* StringFunctions.swift in Sources */,
				C676D197215EB20E00E900E9 /* MediaCreationManagerMain.swift in Sources */,
				C647B3A0211CF2C40024B9A1 /* EFIPartitionMounterUIClasses.swift in Sources */,
				DD3AC14C1FBB974C00C71F53 /* OtherOptionCheckBox.swift in Sources */,
				C615B817216B0B8900913BFF /* MediaCreationManagerErrorChecking.swift in Sources */,
				C6188D9C25157F8400BCBC51 /* LanguageSelection.swift in Sources */,
				C6422DBA269C33340047DF36 /* diskutilBSDID.swift in Sources */,
				C6254B5E26855A620082C7F5 /* OptionsExecution.swift in Sources */,
				C6188D96251306FC00BCBC51 /* AllertFunctionsWithTextManager.swift in Sources */,
				C6F0E84326A7A81E00308B9F /* LogWindowController.swift in Sources */,
				C64E563B1F522854007B8CEE /* InstallingViewController.swift in Sources */,
				C61A3654205DA3F400350BE9 /* DownloadAppViewController.swift in Sources */,
				C62F545726995A7400F14304 /* DiskutilBase.swift in Sources */,
				C65AA6241F4F4C3400C43223 /* ChoseDriveViewController.swift in Sources */,
				C66411052077A80100454292 /* OtherWindowsControllers.swift in Sources */,
				C6553A911F5F7CEA0048965D /* LicenseViewController.swift in Sources */,
				C6AEE8FB24E41A49006135FB /* CodablesGeneric.swift in Sources */,
				C6DF04661F4F33C500D200B1 /* AppDelegate.swift in Sources */,
			);
			runOnlyForDeploymentPostprocessing = 0;
		};
		C6DF046F1F4F33C500D200B1 /* Sources */ = {
			isa = PBXSourcesBuildPhase;
			buildActionMask = 2147483647;
			files = (
				C6DF04781F4F33C500D200B1 /* TINUTests.swift in Sources */,
			);
			runOnlyForDeploymentPostprocessing = 0;
		};
		C6DF047A1F4F33C500D200B1 /* Sources */ = {
			isa = PBXSourcesBuildPhase;
			buildActionMask = 2147483647;
			files = (
				C6DF04831F4F33C500D200B1 /* TINUUITests.swift in Sources */,
			);
			runOnlyForDeploymentPostprocessing = 0;
		};
/* End PBXSourcesBuildPhase section */

/* Begin PBXTargetDependency section */
		C6DF04751F4F33C500D200B1 /* PBXTargetDependency */ = {
			isa = PBXTargetDependency;
			target = C6DF04611F4F33C500D200B1 /* TINU */;
			targetProxy = C6DF04741F4F33C500D200B1 /* PBXContainerItemProxy */;
		};
		C6DF04801F4F33C500D200B1 /* PBXTargetDependency */ = {
			isa = PBXTargetDependency;
			target = C6DF04611F4F33C500D200B1 /* TINU */;
			targetProxy = C6DF047F1F4F33C500D200B1 /* PBXContainerItemProxy */;
		};
/* End PBXTargetDependency section */

/* Begin PBXVariantGroup section */
		C647B3AD211D18950024B9A1 /* EFIPartitionMounterTool.storyboard */ = {
			isa = PBXVariantGroup;
			children = (
				C647B3AE211D18950024B9A1 /* Base */,
				C605853125024D6500673F86 /* it */,
			);
			name = EFIPartitionMounterTool.storyboard;
			sourceTree = "<group>";
		};
		C6DF046B1F4F33C500D200B1 /* Main.storyboard */ = {
			isa = PBXVariantGroup;
			children = (
				C6DF046C1F4F33C500D200B1 /* Base */,
				C605853025024D6500673F86 /* it */,
			);
			name = Main.storyboard;
			sourceTree = "<group>";
		};
/* End PBXVariantGroup section */

/* Begin XCBuildConfiguration section */
		C6DF04851F4F33C500D200B1 /* Debug */ = {
			isa = XCBuildConfiguration;
			buildSettings = {
				ALWAYS_SEARCH_USER_PATHS = NO;
				BUILD_LIBRARY_FOR_DISTRIBUTION = YES;
				CLANG_ANALYZER_LOCALIZABILITY_NONLOCALIZED = YES;
				CLANG_ANALYZER_NONNULL = YES;
				CLANG_ANALYZER_NUMBER_OBJECT_CONVERSION = YES_AGGRESSIVE;
				CLANG_CXX_LANGUAGE_STANDARD = "gnu++0x";
				CLANG_CXX_LIBRARY = "libc++";
				CLANG_ENABLE_MODULES = YES;
				CLANG_ENABLE_OBJC_ARC = YES;
				CLANG_WARN_BLOCK_CAPTURE_AUTORELEASING = YES;
				CLANG_WARN_BOOL_CONVERSION = YES;
				CLANG_WARN_COMMA = YES;
				CLANG_WARN_CONSTANT_CONVERSION = YES;
				CLANG_WARN_DEPRECATED_OBJC_IMPLEMENTATIONS = YES;
				CLANG_WARN_DIRECT_OBJC_ISA_USAGE = YES_ERROR;
				CLANG_WARN_DOCUMENTATION_COMMENTS = YES;
				CLANG_WARN_EMPTY_BODY = YES;
				CLANG_WARN_ENUM_CONVERSION = YES;
				CLANG_WARN_INFINITE_RECURSION = YES;
				CLANG_WARN_INT_CONVERSION = YES;
				CLANG_WARN_NON_LITERAL_NULL_CONVERSION = YES;
				CLANG_WARN_OBJC_IMPLICIT_RETAIN_SELF = YES;
				CLANG_WARN_OBJC_LITERAL_CONVERSION = YES;
				CLANG_WARN_OBJC_ROOT_CLASS = YES_ERROR;
				CLANG_WARN_QUOTED_INCLUDE_IN_FRAMEWORK_HEADER = YES;
				CLANG_WARN_RANGE_LOOP_ANALYSIS = YES;
				CLANG_WARN_STRICT_PROTOTYPES = YES;
				CLANG_WARN_SUSPICIOUS_MOVE = YES;
				CLANG_WARN_UNREACHABLE_CODE = YES;
				CLANG_WARN__DUPLICATE_METHOD_MATCH = YES;
				CODE_SIGN_IDENTITY = "-";
				COPY_PHASE_STRIP = NO;
				DEBUG_INFORMATION_FORMAT = dwarf;
				ENABLE_STRICT_OBJC_MSGSEND = YES;
				ENABLE_TESTABILITY = YES;
				GCC_C_LANGUAGE_STANDARD = gnu99;
				GCC_DYNAMIC_NO_PIC = NO;
				GCC_NO_COMMON_BLOCKS = YES;
				GCC_OPTIMIZATION_LEVEL = s;
				GCC_PREPROCESSOR_DEFINITIONS = (
					"DEBUG=1",
					"$(inherited)",
				);
				GCC_WARN_64_TO_32_BIT_CONVERSION = YES;
				GCC_WARN_ABOUT_RETURN_TYPE = YES_ERROR;
				GCC_WARN_UNDECLARED_SELECTOR = YES;
				GCC_WARN_UNINITIALIZED_AUTOS = YES_AGGRESSIVE;
				GCC_WARN_UNUSED_FUNCTION = YES;
				GCC_WARN_UNUSED_VARIABLE = YES;
				MACOSX_DEPLOYMENT_TARGET = 10.10;
				MTL_ENABLE_DEBUG_INFO = YES;
				ONLY_ACTIVE_ARCH = YES;
				SDKROOT = macosx;
				SWIFT_ACTIVE_COMPILATION_CONDITIONS = DEBUG;
				SWIFT_COMPILATION_MODE = wholemodule;
				SWIFT_OPTIMIZATION_LEVEL = "-Osize";
				SWIFT_SWIFT3_OBJC_INFERENCE = Default;
			};
			name = Debug;
		};
		C6DF04861F4F33C500D200B1 /* Release */ = {
			isa = XCBuildConfiguration;
			buildSettings = {
				ALWAYS_SEARCH_USER_PATHS = NO;
				BUILD_LIBRARY_FOR_DISTRIBUTION = YES;
				CLANG_ANALYZER_LOCALIZABILITY_NONLOCALIZED = YES;
				CLANG_ANALYZER_NONNULL = YES;
				CLANG_ANALYZER_NUMBER_OBJECT_CONVERSION = YES_AGGRESSIVE;
				CLANG_CXX_LANGUAGE_STANDARD = "gnu++0x";
				CLANG_CXX_LIBRARY = "libc++";
				CLANG_ENABLE_MODULES = YES;
				CLANG_ENABLE_OBJC_ARC = YES;
				CLANG_WARN_BLOCK_CAPTURE_AUTORELEASING = YES;
				CLANG_WARN_BOOL_CONVERSION = YES;
				CLANG_WARN_COMMA = YES;
				CLANG_WARN_CONSTANT_CONVERSION = YES;
				CLANG_WARN_DEPRECATED_OBJC_IMPLEMENTATIONS = YES;
				CLANG_WARN_DIRECT_OBJC_ISA_USAGE = YES_ERROR;
				CLANG_WARN_DOCUMENTATION_COMMENTS = YES;
				CLANG_WARN_EMPTY_BODY = YES;
				CLANG_WARN_ENUM_CONVERSION = YES;
				CLANG_WARN_INFINITE_RECURSION = YES;
				CLANG_WARN_INT_CONVERSION = YES;
				CLANG_WARN_NON_LITERAL_NULL_CONVERSION = YES;
				CLANG_WARN_OBJC_IMPLICIT_RETAIN_SELF = YES;
				CLANG_WARN_OBJC_LITERAL_CONVERSION = YES;
				CLANG_WARN_OBJC_ROOT_CLASS = YES_ERROR;
				CLANG_WARN_QUOTED_INCLUDE_IN_FRAMEWORK_HEADER = YES;
				CLANG_WARN_RANGE_LOOP_ANALYSIS = YES;
				CLANG_WARN_STRICT_PROTOTYPES = YES;
				CLANG_WARN_SUSPICIOUS_MOVE = YES;
				CLANG_WARN_UNREACHABLE_CODE = YES;
				CLANG_WARN__DUPLICATE_METHOD_MATCH = YES;
				CODE_SIGN_IDENTITY = "-";
				COPY_PHASE_STRIP = NO;
				DEBUG_INFORMATION_FORMAT = "dwarf-with-dsym";
				ENABLE_NS_ASSERTIONS = NO;
				ENABLE_STRICT_OBJC_MSGSEND = YES;
				ENABLE_TESTABILITY = YES;
				GCC_C_LANGUAGE_STANDARD = gnu99;
				GCC_NO_COMMON_BLOCKS = YES;
				GCC_OPTIMIZATION_LEVEL = s;
				GCC_WARN_64_TO_32_BIT_CONVERSION = YES;
				GCC_WARN_ABOUT_RETURN_TYPE = YES_ERROR;
				GCC_WARN_UNDECLARED_SELECTOR = YES;
				GCC_WARN_UNINITIALIZED_AUTOS = YES_AGGRESSIVE;
				GCC_WARN_UNUSED_FUNCTION = YES;
				GCC_WARN_UNUSED_VARIABLE = YES;
				MACOSX_DEPLOYMENT_TARGET = 10.10;
				MTL_ENABLE_DEBUG_INFO = NO;
				ONLY_ACTIVE_ARCH = NO;
				SDKROOT = macosx;
				SWIFT_COMPILATION_MODE = wholemodule;
				SWIFT_OPTIMIZATION_LEVEL = "-Osize";
				SWIFT_SWIFT3_OBJC_INFERENCE = Default;
			};
			name = Release;
		};
		C6DF04881F4F33C500D200B1 /* Debug */ = {
			isa = XCBuildConfiguration;
			buildSettings = {
				ALWAYS_EMBED_SWIFT_STANDARD_LIBRARIES = NO;
				ARCHS = "$(ARCHS_STANDARD)";
				ASSETCATALOG_COMPILER_APPICON_NAME = AppIcon;
				ASSETCATALOG_COMPILER_OPTIMIZATION = space;
				BUILD_LIBRARY_FOR_DISTRIBUTION = NO;
				CLANG_ENABLE_MODULES = YES;
				CODE_SIGN_ENTITLEMENTS = TINU/TINU.entitlements;
				CODE_SIGN_IDENTITY = "-";
				CODE_SIGN_INJECT_BASE_ENTITLEMENTS = YES;
				CODE_SIGN_STYLE = Manual;
				COMBINE_HIDPI_IMAGES = YES;
				CURRENT_PROJECT_VERSION = 111;
				DEBUG_INFORMATION_FORMAT = "dwarf-with-dsym";
				DEVELOPMENT_TEAM = "";
				ENABLE_HARDENED_RUNTIME = YES;
				GCC_OPTIMIZATION_LEVEL = 0;
				INFOPLIST_FILE = TINU/Info.plist;
				LD_RUNPATH_SEARCH_PATHS = (
					"$(inherited)",
					"@executable_path/../Frameworks",
				);
				MACOSX_DEPLOYMENT_TARGET = 10.10;
				MARKETING_VERSION = "RELEASE 3.1 BETA 1";
				ONLY_ACTIVE_ARCH = YES;
				OTHER_LIBTOOLFLAGS = "-enable-library-evolution";
				PRODUCT_BUNDLE_IDENTIFIER = org.pietrocaruso.TINU;
				PRODUCT_NAME = "$(TARGET_NAME)";
				PROVISIONING_PROFILE = "";
				PROVISIONING_PROFILE_SPECIFIER = "";
				SWIFT_ACTIVE_COMPILATION_CONDITIONS = "DEBUG useEFIReplacement TINU sudoStartup";
				SWIFT_ENFORCE_EXCLUSIVE_ACCESS = on;
				SWIFT_OBJC_BRIDGING_HEADER = "";
				SWIFT_OPTIMIZATION_LEVEL = "-Onone";
				SWIFT_SWIFT3_OBJC_INFERENCE = Default;
				SWIFT_VERSION = 5.0;
			};
			name = Debug;
		};
		C6DF04891F4F33C500D200B1 /* Release */ = {
			isa = XCBuildConfiguration;
			buildSettings = {
				ALWAYS_EMBED_SWIFT_STANDARD_LIBRARIES = NO;
				ARCHS = "$(ARCHS_STANDARD)";
				ASSETCATALOG_COMPILER_APPICON_NAME = AppIcon;
				ASSETCATALOG_COMPILER_OPTIMIZATION = space;
				BUILD_LIBRARY_FOR_DISTRIBUTION = YES;
				CLANG_ENABLE_MODULES = YES;
				CODE_SIGN_ENTITLEMENTS = TINU/TINU.entitlements;
				CODE_SIGN_IDENTITY = "-";
				CODE_SIGN_INJECT_BASE_ENTITLEMENTS = YES;
				CODE_SIGN_STYLE = Manual;
				COMBINE_HIDPI_IMAGES = YES;
				CURRENT_PROJECT_VERSION = 111;
				DEVELOPMENT_TEAM = "";
				ENABLE_HARDENED_RUNTIME = YES;
				ENABLE_TESTABILITY = NO;
				GCC_OPTIMIZATION_LEVEL = 0;
				INFOPLIST_FILE = TINU/Info.plist;
				LD_RUNPATH_SEARCH_PATHS = (
					"$(inherited)",
					"@executable_path/../Frameworks",
				);
				MACOSX_DEPLOYMENT_TARGET = 10.10;
				MARKETING_VERSION = "RELEASE 3.1 BETA 1";
				ONLY_ACTIVE_ARCH = NO;
				OTHER_LIBTOOLFLAGS = "-enable-library-evolution";
				PRODUCT_BUNDLE_IDENTIFIER = org.pietrocaruso.TINU;
				PRODUCT_NAME = "$(TARGET_NAME)";
				PROVISIONING_PROFILE = "";
				PROVISIONING_PROFILE_SPECIFIER = "";
				SWIFT_ACTIVE_COMPILATION_CONDITIONS = "useEFIReplacement TINU sudoStartup";
				SWIFT_ENFORCE_EXCLUSIVE_ACCESS = on;
				SWIFT_OBJC_BRIDGING_HEADER = "";
				SWIFT_OPTIMIZATION_LEVEL = "-Onone";
				SWIFT_SWIFT3_OBJC_INFERENCE = Default;
				SWIFT_VERSION = 5.0;
			};
			name = Release;
		};
		C6DF048B1F4F33C500D200B1 /* Debug */ = {
			isa = XCBuildConfiguration;
			buildSettings = {
				ALWAYS_EMBED_SWIFT_STANDARD_LIBRARIES = YES;
				BUNDLE_LOADER = "$(TEST_HOST)";
				COMBINE_HIDPI_IMAGES = YES;
				DEVELOPMENT_TEAM = 9RSH5734GY;
				INFOPLIST_FILE = TINUTests/Info.plist;
				LD_RUNPATH_SEARCH_PATHS = (
					"$(inherited)",
					"@executable_path/../Frameworks",
					"@loader_path/../Frameworks",
				);
				PRODUCT_BUNDLE_IDENTIFIER = org.pietrocaruso.TINUTests;
				PRODUCT_NAME = "$(TARGET_NAME)";
				SWIFT_SWIFT3_OBJC_INFERENCE = On;
				SWIFT_VERSION = 5.0;
				TEST_HOST = "$(BUILT_PRODUCTS_DIR)/TINU.app/Contents/MacOS/TINU";
			};
			name = Debug;
		};
		C6DF048C1F4F33C500D200B1 /* Release */ = {
			isa = XCBuildConfiguration;
			buildSettings = {
				ALWAYS_EMBED_SWIFT_STANDARD_LIBRARIES = YES;
				BUNDLE_LOADER = "$(TEST_HOST)";
				COMBINE_HIDPI_IMAGES = YES;
				DEVELOPMENT_TEAM = 9RSH5734GY;
				INFOPLIST_FILE = TINUTests/Info.plist;
				LD_RUNPATH_SEARCH_PATHS = (
					"$(inherited)",
					"@executable_path/../Frameworks",
					"@loader_path/../Frameworks",
				);
				PRODUCT_BUNDLE_IDENTIFIER = org.pietrocaruso.TINUTests;
				PRODUCT_NAME = "$(TARGET_NAME)";
				SWIFT_SWIFT3_OBJC_INFERENCE = On;
				SWIFT_VERSION = 5.0;
				TEST_HOST = "$(BUILT_PRODUCTS_DIR)/TINU.app/Contents/MacOS/TINU";
			};
			name = Release;
		};
		C6DF048E1F4F33C500D200B1 /* Debug */ = {
			isa = XCBuildConfiguration;
			buildSettings = {
				ALWAYS_EMBED_SWIFT_STANDARD_LIBRARIES = YES;
				COMBINE_HIDPI_IMAGES = YES;
				DEVELOPMENT_TEAM = 9RSH5734GY;
				INFOPLIST_FILE = TINUUITests/Info.plist;
				LD_RUNPATH_SEARCH_PATHS = (
					"$(inherited)",
					"@executable_path/../Frameworks",
					"@loader_path/../Frameworks",
				);
				PRODUCT_BUNDLE_IDENTIFIER = org.pietrocaruso.TINUUITests;
				PRODUCT_NAME = "$(TARGET_NAME)";
				SWIFT_SWIFT3_OBJC_INFERENCE = On;
				SWIFT_VERSION = 5.0;
				TEST_TARGET_NAME = TINU;
			};
			name = Debug;
		};
		C6DF048F1F4F33C500D200B1 /* Release */ = {
			isa = XCBuildConfiguration;
			buildSettings = {
				ALWAYS_EMBED_SWIFT_STANDARD_LIBRARIES = YES;
				COMBINE_HIDPI_IMAGES = YES;
				DEVELOPMENT_TEAM = 9RSH5734GY;
				INFOPLIST_FILE = TINUUITests/Info.plist;
				LD_RUNPATH_SEARCH_PATHS = (
					"$(inherited)",
					"@executable_path/../Frameworks",
					"@loader_path/../Frameworks",
				);
				PRODUCT_BUNDLE_IDENTIFIER = org.pietrocaruso.TINUUITests;
				PRODUCT_NAME = "$(TARGET_NAME)";
				SWIFT_SWIFT3_OBJC_INFERENCE = On;
				SWIFT_VERSION = 5.0;
				TEST_TARGET_NAME = TINU;
			};
			name = Release;
		};
/* End XCBuildConfiguration section */

/* Begin XCConfigurationList section */
		C6DF045D1F4F33C500D200B1 /* Build configuration list for PBXProject "TINU" */ = {
			isa = XCConfigurationList;
			buildConfigurations = (
				C6DF04851F4F33C500D200B1 /* Debug */,
				C6DF04861F4F33C500D200B1 /* Release */,
			);
			defaultConfigurationIsVisible = 0;
			defaultConfigurationName = Debug;
		};
		C6DF04871F4F33C500D200B1 /* Build configuration list for PBXNativeTarget "TINU" */ = {
			isa = XCConfigurationList;
			buildConfigurations = (
				C6DF04881F4F33C500D200B1 /* Debug */,
				C6DF04891F4F33C500D200B1 /* Release */,
			);
			defaultConfigurationIsVisible = 0;
			defaultConfigurationName = Debug;
		};
		C6DF048A1F4F33C500D200B1 /* Build configuration list for PBXNativeTarget "TINUTests" */ = {
			isa = XCConfigurationList;
			buildConfigurations = (
				C6DF048B1F4F33C500D200B1 /* Debug */,
				C6DF048C1F4F33C500D200B1 /* Release */,
			);
			defaultConfigurationIsVisible = 0;
			defaultConfigurationName = Debug;
		};
		C6DF048D1F4F33C500D200B1 /* Build configuration list for PBXNativeTarget "TINUUITests" */ = {
			isa = XCConfigurationList;
			buildConfigurations = (
				C6DF048E1F4F33C500D200B1 /* Debug */,
				C6DF048F1F4F33C500D200B1 /* Release */,
			);
			defaultConfigurationIsVisible = 0;
			defaultConfigurationName = Debug;
		};
/* End XCConfigurationList section */

/* Begin XCRemoteSwiftPackageReference section */
		C6254B7826892ADD0082C7F5 /* XCRemoteSwiftPackageReference "TINURecovery" */ = {
			isa = XCRemoteSwiftPackageReference;
			repositoryURL = "https://github.com/ITzTravelInTime/TINURecovery.git";
			requirement = {
				kind = upToNextMajorVersion;
				minimumVersion = 4.0.0;
			};
		};
		C6254B7B268933600082C7F5 /* XCRemoteSwiftPackageReference "TINUNotifications" */ = {
			isa = XCRemoteSwiftPackageReference;
			repositoryURL = "https://github.com/ITzTravelInTime/TINUNotifications.git";
			requirement = {
				branch = main;
				kind = branch;
			};
		};
		C6254B7E268933740082C7F5 /* XCRemoteSwiftPackageReference "Command" */ = {
			isa = XCRemoteSwiftPackageReference;
			repositoryURL = "https://github.com/ITzTravelInTime/Command.git";
			requirement = {
				kind = upToNextMajorVersion;
				minimumVersion = 2.1.2;
			};
		};
		C6254B81268933950082C7F5 /* XCRemoteSwiftPackageReference "CommandSudo" */ = {
			isa = XCRemoteSwiftPackageReference;
			repositoryURL = "https://github.com/ITzTravelInTime/CommandSudo.git";
			requirement = {
				kind = upToNextMajorVersion;
				minimumVersion = 1.1.13;
			};
		};
		C6254B8426897EA20082C7F5 /* XCRemoteSwiftPackageReference "SwiftCPUDetect" */ = {
			isa = XCRemoteSwiftPackageReference;
			repositoryURL = "https://github.com/ITzTravelInTime/SwiftCPUDetect.git";
			requirement = {
				kind = upToNextMajorVersion;
				minimumVersion = 1.2.0;
			};
		};
		C6636D2D2747F8B1008B1C07 /* XCRemoteSwiftPackageReference "TINUSerialization" */ = {
			isa = XCRemoteSwiftPackageReference;
			repositoryURL = "https://github.com/ITzTravelInTime/TINUSerialization";
			requirement = {
				branch = main;
				kind = branch;
			};
		};
		C6BF64822692B61E00A0B094 /* XCRemoteSwiftPackageReference "SwiftLoggedPrint" */ = {
			isa = XCRemoteSwiftPackageReference;
			repositoryURL = "https://github.com/ITzTravelInTime/SwiftLoggedPrint.git";
			requirement = {
				kind = upToNextMajorVersion;
				minimumVersion = 3.2.0;
			};
		};
/* End XCRemoteSwiftPackageReference section */

/* Begin XCSwiftPackageProductDependency section */
		C6254B7926892ADD0082C7F5 /* TINURecovery */ = {
			isa = XCSwiftPackageProductDependency;
			package = C6254B7826892ADD0082C7F5 /* XCRemoteSwiftPackageReference "TINURecovery" */;
			productName = TINURecovery;
		};
		C6254B7C268933600082C7F5 /* TINUNotifications */ = {
			isa = XCSwiftPackageProductDependency;
			package = C6254B7B268933600082C7F5 /* XCRemoteSwiftPackageReference "TINUNotifications" */;
			productName = TINUNotifications;
		};
		C6254B7F268933740082C7F5 /* Command */ = {
			isa = XCSwiftPackageProductDependency;
			package = C6254B7E268933740082C7F5 /* XCRemoteSwiftPackageReference "Command" */;
			productName = Command;
		};
		C6254B82268933950082C7F5 /* CommandSudo */ = {
			isa = XCSwiftPackageProductDependency;
			package = C6254B81268933950082C7F5 /* XCRemoteSwiftPackageReference "CommandSudo" */;
			productName = CommandSudo;
		};
		C6254B8526897EA20082C7F5 /* SwiftCPUDetect */ = {
			isa = XCSwiftPackageProductDependency;
			package = C6254B8426897EA20082C7F5 /* XCRemoteSwiftPackageReference "SwiftCPUDetect" */;
			productName = SwiftCPUDetect;
		};
		C6636D2E2747F8B2008B1C07 /* TINUSerialization */ = {
			isa = XCSwiftPackageProductDependency;
			package = C6636D2D2747F8B1008B1C07 /* XCRemoteSwiftPackageReference "TINUSerialization" */;
			productName = TINUSerialization;
		};
		C6BF64832692B61E00A0B094 /* SwiftLoggedPrint */ = {
			isa = XCSwiftPackageProductDependency;
			package = C6BF64822692B61E00A0B094 /* XCRemoteSwiftPackageReference "SwiftLoggedPrint" */;
			productName = SwiftLoggedPrint;
		};
/* End XCSwiftPackageProductDependency section */
	};
	rootObject = C6DF045A1F4F33C500D200B1 /* Project object */;
}
