// !$*UTF8*$!
{
	archiveVersion = 1;
	classes = {
	};
	objectVersion = 46;
	objects = {

/* Begin PBXBuildFile section */
		C60B646B20B4464200FEDAA6 /* EFIFolderReplcament.swift in Sources */ = {isa = PBXBuildFile; fileRef = C60B646A20B4464200FEDAA6 /* EFIFolderReplcament.swift */; };
		C60B6C8320F80FCC0088B658 /* AllertFunctions.swift in Sources */ = {isa = PBXBuildFile; fileRef = C60B6C8220F80FCC0088B658 /* AllertFunctions.swift */; };
		C60C40B820CC9E4800258574 /* IconsManager.swift in Sources */ = {isa = PBXBuildFile; fileRef = C60C40B720CC9E4800258574 /* IconsManager.swift */; };
		C60C40BA20CCA24000258574 /* TextsManager.swift in Sources */ = {isa = PBXBuildFile; fileRef = C60C40B920CCA24000258574 /* TextsManager.swift */; };
		C60C40BC20CCA2BB00258574 /* AppManager.swift in Sources */ = {isa = PBXBuildFile; fileRef = C60C40BB20CCA2BB00258574 /* AppManager.swift */; };
		C60C40C020CCA9DC00258574 /* CreationVariablesManager.swift in Sources */ = {isa = PBXBuildFile; fileRef = C60C40BF20CCA9DC00258574 /* CreationVariablesManager.swift */; };
		C60C40C220CCAA9900258574 /* InstallerAppManager.swift in Sources */ = {isa = PBXBuildFile; fileRef = C60C40C120CCAA9900258574 /* InstallerAppManager.swift */; };
		C60C40C420CCACB600258574 /* PlistXMLManager.swift in Sources */ = {isa = PBXBuildFile; fileRef = C60C40C320CCACB600258574 /* PlistXMLManager.swift */; };
		C60C40C720CCAE6200258574 /* DrivesManager.swift in Sources */ = {isa = PBXBuildFile; fileRef = C60C40C620CCAE6200258574 /* DrivesManager.swift */; };
		C60D39B01F5E136500D94834 /* Part.swift in Sources */ = {isa = PBXBuildFile; fileRef = C60D39AF1F5E136500D94834 /* Part.swift */; };
		C60D39B21F5E4AFC00D94834 /* ContactsViewController.swift in Sources */ = {isa = PBXBuildFile; fileRef = C60D39B11F5E4AFC00D94834 /* ContactsViewController.swift */; };
		C60D48CD1F585F7F00ABF26E /* MainCreationFinished.swift in Sources */ = {isa = PBXBuildFile; fileRef = C60D48CC1F585F7F00ABF26E /* MainCreationFinished.swift */; };
		C615B813216AEF7A00913BFF /* MediaCreationManagerPreProcess.swift in Sources */ = {isa = PBXBuildFile; fileRef = C615B812216AEF7A00913BFF /* MediaCreationManagerPreProcess.swift */; };
		C615B815216AF04D00913BFF /* MediaCreationManagerFunctions.swift in Sources */ = {isa = PBXBuildFile; fileRef = C615B814216AF04D00913BFF /* MediaCreationManagerFunctions.swift */; };
		C615B817216B0B8900913BFF /* MediaCreationManagerErrorChecking.swift in Sources */ = {isa = PBXBuildFile; fileRef = C615B816216B0B8900913BFF /* MediaCreationManagerErrorChecking.swift */; };
		C615B819216B0E9400913BFF /* MediaCreationManagerTimers.swift in Sources */ = {isa = PBXBuildFile; fileRef = C615B818216B0E9400913BFF /* MediaCreationManagerTimers.swift */; };
		C615B81B216B30D000913BFF /* MediaCreationManagerPostProcesses.swift in Sources */ = {isa = PBXBuildFile; fileRef = C615B81A216B30D000913BFF /* MediaCreationManagerPostProcesses.swift */; };
		C61A3654205DA3F400350BE9 /* DownloadAppViewController.swift in Sources */ = {isa = PBXBuildFile; fileRef = C61A3653205DA3F400350BE9 /* DownloadAppViewController.swift */; };
		C61AACC1215B0EE6002D8F89 /* ShadowViewController.swift in Sources */ = {isa = PBXBuildFile; fileRef = C61AACC0215B0EE6002D8F89 /* ShadowViewController.swift */; };
		C61AE89420C2F16400229FEC /* OtherOptionInfoViewController.swift in Sources */ = {isa = PBXBuildFile; fileRef = C61AE89320C2F16400229FEC /* OtherOptionInfoViewController.swift */; };
		C621CFA71F4F6A6500CC6D5B /* MainWindowController.swift in Sources */ = {isa = PBXBuildFile; fileRef = C621CFA61F4F6A6500CC6D5B /* MainWindowController.swift */; };
		C621CFAC1F4F7DF400CC6D5B /* DriveObject.swift in Sources */ = {isa = PBXBuildFile; fileRef = C621CFAB1F4F7DF400CC6D5B /* DriveObject.swift */; };
		C647B350211CE2C00024B9A1 /* ToolsBridge.swift in Sources */ = {isa = PBXBuildFile; fileRef = C647B34F211CE2C00024B9A1 /* ToolsBridge.swift */; };
		C647B39B211CF2C40024B9A1 /* EFIPartitionMounterTypes.swift in Sources */ = {isa = PBXBuildFile; fileRef = C647B395211CF2C40024B9A1 /* EFIPartitionMounterTypes.swift */; };
		C647B39C211CF2C40024B9A1 /* EFIPartitionMounterViewController.swift in Sources */ = {isa = PBXBuildFile; fileRef = C647B396211CF2C40024B9A1 /* EFIPartitionMounterViewController.swift */; };
		C647B39D211CF2C40024B9A1 /* EFIPartitionMounterWindowController.swift in Sources */ = {isa = PBXBuildFile; fileRef = C647B397211CF2C40024B9A1 /* EFIPartitionMounterWindowController.swift */; };
		C647B39F211CF2C40024B9A1 /* EFIPartitionMounterModel.swift in Sources */ = {isa = PBXBuildFile; fileRef = C647B399211CF2C40024B9A1 /* EFIPartitionMounterModel.swift */; };
		C647B3A0211CF2C40024B9A1 /* EFIPartitionMounterUIClasses.swift in Sources */ = {isa = PBXBuildFile; fileRef = C647B39A211CF2C40024B9A1 /* EFIPartitionMounterUIClasses.swift */; };
		C647B3AF211D18950024B9A1 /* EFIPartitionMounterTool.storyboard in Resources */ = {isa = PBXBuildFile; fileRef = C647B3AD211D18950024B9A1 /* EFIPartitionMounterTool.storyboard */; };
		C64E56371F51D917007B8CEE /* ChoseAppViewController.swift in Sources */ = {isa = PBXBuildFile; fileRef = C64E56361F51D917007B8CEE /* ChoseAppViewController.swift */; };
		C64E56391F51E79C007B8CEE /* ConfirmViewController.swift in Sources */ = {isa = PBXBuildFile; fileRef = C64E56381F51E79C007B8CEE /* ConfirmViewController.swift */; };
		C64E563B1F522854007B8CEE /* InstallingViewController.swift in Sources */ = {isa = PBXBuildFile; fileRef = C64E563A1F522854007B8CEE /* InstallingViewController.swift */; };
		C6553A911F5F7CEA0048965D /* LicenseViewController.swift in Sources */ = {isa = PBXBuildFile; fileRef = C6553A901F5F7CEA0048965D /* LicenseViewController.swift */; };
		C6553A931F5F83770048965D /* License.rtf in Resources */ = {isa = PBXBuildFile; fileRef = C6553A921F5F83770048965D /* License.rtf */; };
		C65AA61F1F4F497A00C43223 /* ClassExtensions.swift in Sources */ = {isa = PBXBuildFile; fileRef = C65AA61E1F4F497A00C43223 /* ClassExtensions.swift */; };
		C65AA6211F4F4C0400C43223 /* InfoViewController.swift in Sources */ = {isa = PBXBuildFile; fileRef = C65AA6201F4F4C0400C43223 /* InfoViewController.swift */; };
		C65AA6241F4F4C3400C43223 /* ChoseDriveViewController.swift in Sources */ = {isa = PBXBuildFile; fileRef = C65AA6221F4F4C3400C43223 /* ChoseDriveViewController.swift */; };
		C65B5EFD1F7201D10061F1A3 /* DebugScript.sh in Resources */ = {isa = PBXBuildFile; fileRef = C65B5EFB1F71FAB10061F1A3 /* DebugScript.sh */; };
		C65B5EFF1F72099F0061F1A3 /* ScriptsManager.swift in Sources */ = {isa = PBXBuildFile; fileRef = C65B5EFE1F72099F0061F1A3 /* ScriptsManager.swift */; };
		C65B5F031F720D680061F1A3 /* SudoManager.swift in Sources */ = {isa = PBXBuildFile; fileRef = C65B5F021F720D680061F1A3 /* SudoManager.swift */; };
		C66411052077A80100454292 /* OtherWindowsControllers.swift in Sources */ = {isa = PBXBuildFile; fileRef = C66411042077A80100454292 /* OtherWindowsControllers.swift */; };
		C676D197215EB20E00E900E9 /* MediaCreationManagerMain.swift in Sources */ = {isa = PBXBuildFile; fileRef = C676D196215EB20E00E900E9 /* MediaCreationManagerMain.swift */; };
		C682BBE320FFB23600410370 /* OptionalOperations.swift in Sources */ = {isa = PBXBuildFile; fileRef = C682BBE220FFB23600410370 /* OptionalOperations.swift */; };
		C691BFEE1F6DEEA800589EF8 /* Assets.xcassets in Resources */ = {isa = PBXBuildFile; fileRef = C691BFED1F6DEEA800589EF8 /* Assets.xcassets */; };
		C691BFF01F6DFBDB00589EF8 /* TestingVariables.swift in Sources */ = {isa = PBXBuildFile; fileRef = C691BFEF1F6DFBDB00589EF8 /* TestingVariables.swift */; };
		C691D6AB20655C700083D057 /* DriveDetectInfoViewController.swift in Sources */ = {isa = PBXBuildFile; fileRef = C691D6AA20655C700083D057 /* DriveDetectInfoViewController.swift */; };
		C698B47E204CDAE5007B3CD8 /* MacrosReference.swift in Sources */ = {isa = PBXBuildFile; fileRef = C698B47D204CDAE5007B3CD8 /* MacrosReference.swift */; };
		C6B16958203B27AF00FD2818 /* ChooseCustomizationViewController.swift in Sources */ = {isa = PBXBuildFile; fileRef = C6B16957203B27AF00FD2818 /* ChooseCustomizationViewController.swift */; };
		C6B74D0A20B8E76A001CAD4D /* EFIFolderReplacementManager.swift in Sources */ = {isa = PBXBuildFile; fileRef = C6B74D0920B8E76A001CAD4D /* EFIFolderReplacementManager.swift */; };
		C6B74D0C20BA2A79001CAD4D /* EFIPartitionManager.swift in Sources */ = {isa = PBXBuildFile; fileRef = C6B74D0B20BA2A79001CAD4D /* EFIPartitionManager.swift */; };
		C6C1820D1FE7605300617DC2 /* ChooseSideViewController.swift in Sources */ = {isa = PBXBuildFile; fileRef = C6C1820C1FE7605300617DC2 /* ChooseSideViewController.swift */; };
		C6C2EAA72030710A0033EF85 /* SettingsSectionItem.swift in Sources */ = {isa = PBXBuildFile; fileRef = C6C2EAA62030710A0033EF85 /* SettingsSectionItem.swift */; };
		C6CB670A217756BE00746A84 /* CreateMediaWithAuth.sh in Resources */ = {isa = PBXBuildFile; fileRef = C6CB6709217756B300746A84 /* CreateMediaWithAuth.sh */; };
		C6D82A6A20D802E700A5B5BE /* OtherOptionsObject.swift in Sources */ = {isa = PBXBuildFile; fileRef = C6D82A6920D802E700A5B5BE /* OtherOptionsObject.swift */; };
		C6D82A6C20D80C7600A5B5BE /* OtherOptionsManager.swift in Sources */ = {isa = PBXBuildFile; fileRef = C6D82A6B20D80C7600A5B5BE /* OtherOptionsManager.swift */; };
		C6D9EE59210AED4700019818 /* Reachability.swift in Sources */ = {isa = PBXBuildFile; fileRef = C6D9EE58210AED4700019818 /* Reachability.swift */; };
		C6DF04661F4F33C500D200B1 /* AppDelegate.swift in Sources */ = {isa = PBXBuildFile; fileRef = C6DF04651F4F33C500D200B1 /* AppDelegate.swift */; };
		C6DF046D1F4F33C500D200B1 /* Main.storyboard in Resources */ = {isa = PBXBuildFile; fileRef = C6DF046B1F4F33C500D200B1 /* Main.storyboard */; };
		C6DF04781F4F33C500D200B1 /* TINUTests.swift in Sources */ = {isa = PBXBuildFile; fileRef = C6DF04771F4F33C500D200B1 /* TINUTests.swift */; };
		C6DF04831F4F33C500D200B1 /* TINUUITests.swift in Sources */ = {isa = PBXBuildFile; fileRef = C6DF04821F4F33C500D200B1 /* TINUUITests.swift */; };
		C6E32EA7218142EA006D4BEB /* FileAliasManager.swift in Sources */ = {isa = PBXBuildFile; fileRef = C6E32EA6218142EA006D4BEB /* FileAliasManager.swift */; };
		C6F68E8B20D0277B00F7A0F4 /* SmallManagers.swift in Sources */ = {isa = PBXBuildFile; fileRef = C6F68E8A20D0277B00F7A0F4 /* SmallManagers.swift */; };
		DD01EBEF1F71BD2A00C94D9B /* LogManager.swift in Sources */ = {isa = PBXBuildFile; fileRef = DD01EBEE1F71BD2A00C94D9B /* LogManager.swift */; };
		DD01EBF11F71BFE600C94D9B /* LogViewController.swift in Sources */ = {isa = PBXBuildFile; fileRef = DD01EBF01F71BFE600C94D9B /* LogViewController.swift */; };
		DD3AC14C1FBB974C00C71F53 /* OtherOptionsItem.swift in Sources */ = {isa = PBXBuildFile; fileRef = DD3AC14B1FBB974C00C71F53 /* OtherOptionsItem.swift */; };
		DD5016061F993D4500FB1407 /* GenericViewController.swift in Sources */ = {isa = PBXBuildFile; fileRef = DD5016051F993D4500FB1407 /* GenericViewController.swift */; };
		DD73ABE21FB46EEB00C7F721 /* BootFilesReplacementManager.swift in Sources */ = {isa = PBXBuildFile; fileRef = DD73ABE11FB46EEB00C7F721 /* BootFilesReplacementManager.swift */; };
		DDA7FB601F96AE510029F4F2 /* RuntimeCode.swift in Sources */ = {isa = PBXBuildFile; fileRef = DDA7FB5F1F96AE510029F4F2 /* RuntimeCode.swift */; };
		DDA7FB621F96B13F0029F4F2 /* GenericWindowController.swift in Sources */ = {isa = PBXBuildFile; fileRef = DDA7FB611F96B13F0029F4F2 /* GenericWindowController.swift */; };
		DDCC4ED51FB5C2A7007FBB6F /* CustomizationViewController.swift in Sources */ = {isa = PBXBuildFile; fileRef = DDCC4ED41FB5C2A7007FBB6F /* CustomizationViewController.swift */; };
		DDD038EB1FB7366400D22695 /* AdvancedOptionsButton.swift in Sources */ = {isa = PBXBuildFile; fileRef = DDD038EA1FB7366400D22695 /* AdvancedOptionsButton.swift */; };
		DDD038F21FB7AEC000D22695 /* BootFilesReplacementItem.swift in Sources */ = {isa = PBXBuildFile; fileRef = DDD038F11FB7AEC000D22695 /* BootFilesReplacementItem.swift */; };
		DDDCF67C1F63330B00CF7FE4 /* CreditsViewController.swift in Sources */ = {isa = PBXBuildFile; fileRef = DDDCF67B1F63330B00CF7FE4 /* CreditsViewController.swift */; };
		DDDF14641F6730DA00953634 /* SharedVariables.swift in Sources */ = {isa = PBXBuildFile; fileRef = DDDF14631F6730DA00953634 /* SharedVariables.swift */; };
		DDF9A5692159A05800389F78 /* ShadowView.swift in Sources */ = {isa = PBXBuildFile; fileRef = DDF9A5682159A05800389F78 /* ShadowView.swift */; };
/* End PBXBuildFile section */

/* Begin PBXContainerItemProxy section */
		C6DF04741F4F33C500D200B1 /* PBXContainerItemProxy */ = {
			isa = PBXContainerItemProxy;
			containerPortal = C6DF045A1F4F33C500D200B1 /* Project object */;
			proxyType = 1;
			remoteGlobalIDString = C6DF04611F4F33C500D200B1;
			remoteInfo = TINU;
		};
		C6DF047F1F4F33C500D200B1 /* PBXContainerItemProxy */ = {
			isa = PBXContainerItemProxy;
			containerPortal = C6DF045A1F4F33C500D200B1 /* Project object */;
			proxyType = 1;
			remoteGlobalIDString = C6DF04611F4F33C500D200B1;
			remoteInfo = TINU;
		};
/* End PBXContainerItemProxy section */

/* Begin PBXFileReference section */
		C60B646A20B4464200FEDAA6 /* EFIFolderReplcament.swift */ = {isa = PBXFileReference; fileEncoding = 4; lastKnownFileType = sourcecode.swift; path = EFIFolderReplcament.swift; sourceTree = "<group>"; };
		C60B6C8220F80FCC0088B658 /* AllertFunctions.swift */ = {isa = PBXFileReference; lastKnownFileType = sourcecode.swift; path = AllertFunctions.swift; sourceTree = "<group>"; };
		C60C40B720CC9E4800258574 /* IconsManager.swift */ = {isa = PBXFileReference; lastKnownFileType = sourcecode.swift; path = IconsManager.swift; sourceTree = "<group>"; };
		C60C40B920CCA24000258574 /* TextsManager.swift */ = {isa = PBXFileReference; lastKnownFileType = sourcecode.swift; path = TextsManager.swift; sourceTree = "<group>"; };
		C60C40BB20CCA2BB00258574 /* AppManager.swift */ = {isa = PBXFileReference; lastKnownFileType = sourcecode.swift; path = AppManager.swift; sourceTree = "<group>"; };
		C60C40BF20CCA9DC00258574 /* CreationVariablesManager.swift */ = {isa = PBXFileReference; fileEncoding = 4; lastKnownFileType = sourcecode.swift; path = CreationVariablesManager.swift; sourceTree = "<group>"; };
		C60C40C120CCAA9900258574 /* InstallerAppManager.swift */ = {isa = PBXFileReference; lastKnownFileType = sourcecode.swift; path = InstallerAppManager.swift; sourceTree = "<group>"; };
		C60C40C320CCACB600258574 /* PlistXMLManager.swift */ = {isa = PBXFileReference; lastKnownFileType = sourcecode.swift; path = PlistXMLManager.swift; sourceTree = "<group>"; };
		C60C40C620CCAE6200258574 /* DrivesManager.swift */ = {isa = PBXFileReference; lastKnownFileType = sourcecode.swift; path = DrivesManager.swift; sourceTree = "<group>"; };
		C60D39AF1F5E136500D94834 /* Part.swift */ = {isa = PBXFileReference; fileEncoding = 4; lastKnownFileType = sourcecode.swift; path = Part.swift; sourceTree = "<group>"; };
		C60D39B11F5E4AFC00D94834 /* ContactsViewController.swift */ = {isa = PBXFileReference; fileEncoding = 4; lastKnownFileType = sourcecode.swift; path = ContactsViewController.swift; sourceTree = "<group>"; };
		C60D48CC1F585F7F00ABF26E /* MainCreationFinished.swift */ = {isa = PBXFileReference; fileEncoding = 4; lastKnownFileType = sourcecode.swift; path = MainCreationFinished.swift; sourceTree = "<group>"; };
		C615B812216AEF7A00913BFF /* MediaCreationManagerPreProcess.swift */ = {isa = PBXFileReference; lastKnownFileType = sourcecode.swift; path = MediaCreationManagerPreProcess.swift; sourceTree = "<group>"; };
		C615B814216AF04D00913BFF /* MediaCreationManagerFunctions.swift */ = {isa = PBXFileReference; lastKnownFileType = sourcecode.swift; path = MediaCreationManagerFunctions.swift; sourceTree = "<group>"; };
		C615B816216B0B8900913BFF /* MediaCreationManagerErrorChecking.swift */ = {isa = PBXFileReference; lastKnownFileType = sourcecode.swift; path = MediaCreationManagerErrorChecking.swift; sourceTree = "<group>"; };
		C615B818216B0E9400913BFF /* MediaCreationManagerTimers.swift */ = {isa = PBXFileReference; lastKnownFileType = sourcecode.swift; path = MediaCreationManagerTimers.swift; sourceTree = "<group>"; };
		C615B81A216B30D000913BFF /* MediaCreationManagerPostProcesses.swift */ = {isa = PBXFileReference; lastKnownFileType = sourcecode.swift; path = MediaCreationManagerPostProcesses.swift; sourceTree = "<group>"; };
		C61A3653205DA3F400350BE9 /* DownloadAppViewController.swift */ = {isa = PBXFileReference; fileEncoding = 4; lastKnownFileType = sourcecode.swift; path = DownloadAppViewController.swift; sourceTree = "<group>"; };
		C61AACC0215B0EE6002D8F89 /* ShadowViewController.swift */ = {isa = PBXFileReference; lastKnownFileType = sourcecode.swift; path = ShadowViewController.swift; sourceTree = "<group>"; };
		C61AE89320C2F16400229FEC /* OtherOptionInfoViewController.swift */ = {isa = PBXFileReference; fileEncoding = 4; lastKnownFileType = sourcecode.swift; path = OtherOptionInfoViewController.swift; sourceTree = "<group>"; };
		C621CFA61F4F6A6500CC6D5B /* MainWindowController.swift */ = {isa = PBXFileReference; fileEncoding = 4; lastKnownFileType = sourcecode.swift; path = MainWindowController.swift; sourceTree = "<group>"; };
		C621CFAB1F4F7DF400CC6D5B /* DriveObject.swift */ = {isa = PBXFileReference; fileEncoding = 4; lastKnownFileType = sourcecode.swift; path = DriveObject.swift; sourceTree = "<group>"; };
		C647B34F211CE2C00024B9A1 /* ToolsBridge.swift */ = {isa = PBXFileReference; fileEncoding = 4; lastKnownFileType = sourcecode.swift; path = ToolsBridge.swift; sourceTree = SOURCE_ROOT; };
		C647B395211CF2C40024B9A1 /* EFIPartitionMounterTypes.swift */ = {isa = PBXFileReference; fileEncoding = 4; lastKnownFileType = sourcecode.swift; name = EFIPartitionMounterTypes.swift; path = "EFI Partition Mounter/EFI Partition Mounter/EFIPartitionMounterTypes.swift"; sourceTree = SOURCE_ROOT; };
		C647B396211CF2C40024B9A1 /* EFIPartitionMounterViewController.swift */ = {isa = PBXFileReference; fileEncoding = 4; lastKnownFileType = sourcecode.swift; name = EFIPartitionMounterViewController.swift; path = "EFI Partition Mounter/EFI Partition Mounter/EFIPartitionMounterViewController.swift"; sourceTree = SOURCE_ROOT; };
		C647B397211CF2C40024B9A1 /* EFIPartitionMounterWindowController.swift */ = {isa = PBXFileReference; fileEncoding = 4; lastKnownFileType = sourcecode.swift; name = EFIPartitionMounterWindowController.swift; path = "EFI Partition Mounter/EFI Partition Mounter/EFIPartitionMounterWindowController.swift"; sourceTree = SOURCE_ROOT; };
		C647B399211CF2C40024B9A1 /* EFIPartitionMounterModel.swift */ = {isa = PBXFileReference; fileEncoding = 4; lastKnownFileType = sourcecode.swift; name = EFIPartitionMounterModel.swift; path = "EFI Partition Mounter/EFI Partition Mounter/EFIPartitionMounterModel.swift"; sourceTree = SOURCE_ROOT; };
		C647B39A211CF2C40024B9A1 /* EFIPartitionMounterUIClasses.swift */ = {isa = PBXFileReference; fileEncoding = 4; lastKnownFileType = sourcecode.swift; name = EFIPartitionMounterUIClasses.swift; path = "EFI Partition Mounter/EFI Partition Mounter/EFIPartitionMounterUIClasses.swift"; sourceTree = SOURCE_ROOT; };
		C647B3AE211D18950024B9A1 /* Base */ = {isa = PBXFileReference; lastKnownFileType = file.storyboard; name = Base; path = "EFI Partition Mounter/EFI Partition Mounter/Base.lproj/EFIPartitionMounterTool.storyboard"; sourceTree = SOURCE_ROOT; };
		C64E56361F51D917007B8CEE /* ChoseAppViewController.swift */ = {isa = PBXFileReference; fileEncoding = 4; lastKnownFileType = sourcecode.swift; path = ChoseAppViewController.swift; sourceTree = "<group>"; };
		C64E56381F51E79C007B8CEE /* ConfirmViewController.swift */ = {isa = PBXFileReference; fileEncoding = 4; lastKnownFileType = sourcecode.swift; path = ConfirmViewController.swift; sourceTree = "<group>"; };
		C64E563A1F522854007B8CEE /* InstallingViewController.swift */ = {isa = PBXFileReference; fileEncoding = 4; lastKnownFileType = sourcecode.swift; path = InstallingViewController.swift; sourceTree = "<group>"; };
		C6553A901F5F7CEA0048965D /* LicenseViewController.swift */ = {isa = PBXFileReference; fileEncoding = 4; lastKnownFileType = sourcecode.swift; path = LicenseViewController.swift; sourceTree = "<group>"; };
		C6553A921F5F83770048965D /* License.rtf */ = {isa = PBXFileReference; fileEncoding = 4; lastKnownFileType = text.rtf; path = License.rtf; sourceTree = "<group>"; };
		C65AA61E1F4F497A00C43223 /* ClassExtensions.swift */ = {isa = PBXFileReference; fileEncoding = 4; lastKnownFileType = sourcecode.swift; path = ClassExtensions.swift; sourceTree = "<group>"; };
		C65AA6201F4F4C0400C43223 /* InfoViewController.swift */ = {isa = PBXFileReference; fileEncoding = 4; lastKnownFileType = sourcecode.swift; path = InfoViewController.swift; sourceTree = "<group>"; };
		C65AA6221F4F4C3400C43223 /* ChoseDriveViewController.swift */ = {isa = PBXFileReference; fileEncoding = 4; lastKnownFileType = sourcecode.swift; path = ChoseDriveViewController.swift; sourceTree = "<group>"; };
		C65B5EFB1F71FAB10061F1A3 /* DebugScript.sh */ = {isa = PBXFileReference; lastKnownFileType = text.script.sh; path = DebugScript.sh; sourceTree = "<group>"; };
		C65B5EFE1F72099F0061F1A3 /* ScriptsManager.swift */ = {isa = PBXFileReference; fileEncoding = 4; lastKnownFileType = sourcecode.swift; path = ScriptsManager.swift; sourceTree = "<group>"; };
		C65B5F021F720D680061F1A3 /* SudoManager.swift */ = {isa = PBXFileReference; fileEncoding = 4; lastKnownFileType = sourcecode.swift; path = SudoManager.swift; sourceTree = "<group>"; };
		C66411042077A80100454292 /* OtherWindowsControllers.swift */ = {isa = PBXFileReference; fileEncoding = 4; lastKnownFileType = sourcecode.swift; path = OtherWindowsControllers.swift; sourceTree = "<group>"; };
		C676D196215EB20E00E900E9 /* MediaCreationManagerMain.swift */ = {isa = PBXFileReference; lastKnownFileType = sourcecode.swift; path = MediaCreationManagerMain.swift; sourceTree = "<group>"; };
		C682BBE220FFB23600410370 /* OptionalOperations.swift */ = {isa = PBXFileReference; lastKnownFileType = sourcecode.swift; path = OptionalOperations.swift; sourceTree = "<group>"; };
		C691BFED1F6DEEA800589EF8 /* Assets.xcassets */ = {isa = PBXFileReference; lastKnownFileType = folder.assetcatalog; path = Assets.xcassets; sourceTree = "<group>"; };
		C691BFEF1F6DFBDB00589EF8 /* TestingVariables.swift */ = {isa = PBXFileReference; fileEncoding = 4; lastKnownFileType = sourcecode.swift; path = TestingVariables.swift; sourceTree = "<group>"; };
		C691D6AA20655C700083D057 /* DriveDetectInfoViewController.swift */ = {isa = PBXFileReference; fileEncoding = 4; lastKnownFileType = sourcecode.swift; path = DriveDetectInfoViewController.swift; sourceTree = "<group>"; };
		C698B47D204CDAE5007B3CD8 /* MacrosReference.swift */ = {isa = PBXFileReference; fileEncoding = 4; lastKnownFileType = sourcecode.swift; path = MacrosReference.swift; sourceTree = "<group>"; };
		C6B16957203B27AF00FD2818 /* ChooseCustomizationViewController.swift */ = {isa = PBXFileReference; fileEncoding = 4; lastKnownFileType = sourcecode.swift; path = ChooseCustomizationViewController.swift; sourceTree = "<group>"; };
		C6B74D0920B8E76A001CAD4D /* EFIFolderReplacementManager.swift */ = {isa = PBXFileReference; fileEncoding = 4; lastKnownFileType = sourcecode.swift; path = EFIFolderReplacementManager.swift; sourceTree = "<group>"; };
		C6B74D0B20BA2A79001CAD4D /* EFIPartitionManager.swift */ = {isa = PBXFileReference; fileEncoding = 4; lastKnownFileType = sourcecode.swift; path = EFIPartitionManager.swift; sourceTree = "<group>"; };
		C6C1820C1FE7605300617DC2 /* ChooseSideViewController.swift */ = {isa = PBXFileReference; fileEncoding = 4; lastKnownFileType = sourcecode.swift; path = ChooseSideViewController.swift; sourceTree = "<group>"; };
		C6C2EAA62030710A0033EF85 /* SettingsSectionItem.swift */ = {isa = PBXFileReference; fileEncoding = 4; lastKnownFileType = sourcecode.swift; path = SettingsSectionItem.swift; sourceTree = "<group>"; };
		C6CB6709217756B300746A84 /* CreateMediaWithAuth.sh */ = {isa = PBXFileReference; lastKnownFileType = text.script.sh; path = CreateMediaWithAuth.sh; sourceTree = "<group>"; };
		C6D82A6920D802E700A5B5BE /* OtherOptionsObject.swift */ = {isa = PBXFileReference; lastKnownFileType = sourcecode.swift; path = OtherOptionsObject.swift; sourceTree = "<group>"; };
		C6D82A6B20D80C7600A5B5BE /* OtherOptionsManager.swift */ = {isa = PBXFileReference; lastKnownFileType = sourcecode.swift; path = OtherOptionsManager.swift; sourceTree = "<group>"; };
		C6D9EE58210AED4700019818 /* Reachability.swift */ = {isa = PBXFileReference; lastKnownFileType = sourcecode.swift; path = Reachability.swift; sourceTree = "<group>"; };
		C6DF04621F4F33C500D200B1 /* TINU.app */ = {isa = PBXFileReference; explicitFileType = wrapper.application; includeInIndex = 0; path = TINU.app; sourceTree = BUILT_PRODUCTS_DIR; };
		C6DF04651F4F33C500D200B1 /* AppDelegate.swift */ = {isa = PBXFileReference; lastKnownFileType = sourcecode.swift; path = AppDelegate.swift; sourceTree = "<group>"; };
		C6DF046C1F4F33C500D200B1 /* Base */ = {isa = PBXFileReference; lastKnownFileType = file.storyboard; name = Base; path = Base.lproj/Main.storyboard; sourceTree = "<group>"; };
		C6DF046E1F4F33C500D200B1 /* Info.plist */ = {isa = PBXFileReference; lastKnownFileType = text.plist.xml; path = Info.plist; sourceTree = "<group>"; };
		C6DF04731F4F33C500D200B1 /* TINUTests.xctest */ = {isa = PBXFileReference; explicitFileType = wrapper.cfbundle; includeInIndex = 0; path = TINUTests.xctest; sourceTree = BUILT_PRODUCTS_DIR; };
		C6DF04771F4F33C500D200B1 /* TINUTests.swift */ = {isa = PBXFileReference; lastKnownFileType = sourcecode.swift; path = TINUTests.swift; sourceTree = "<group>"; };
		C6DF04791F4F33C500D200B1 /* Info.plist */ = {isa = PBXFileReference; lastKnownFileType = text.plist.xml; path = Info.plist; sourceTree = "<group>"; };
		C6DF047E1F4F33C500D200B1 /* TINUUITests.xctest */ = {isa = PBXFileReference; explicitFileType = wrapper.cfbundle; includeInIndex = 0; path = TINUUITests.xctest; sourceTree = BUILT_PRODUCTS_DIR; };
		C6DF04821F4F33C500D200B1 /* TINUUITests.swift */ = {isa = PBXFileReference; lastKnownFileType = sourcecode.swift; path = TINUUITests.swift; sourceTree = "<group>"; };
		C6DF04841F4F33C500D200B1 /* Info.plist */ = {isa = PBXFileReference; lastKnownFileType = text.plist.xml; path = Info.plist; sourceTree = "<group>"; };
		C6E32EA6218142EA006D4BEB /* FileAliasManager.swift */ = {isa = PBXFileReference; lastKnownFileType = sourcecode.swift; path = FileAliasManager.swift; sourceTree = "<group>"; };
		C6F68E8A20D0277B00F7A0F4 /* SmallManagers.swift */ = {isa = PBXFileReference; lastKnownFileType = sourcecode.swift; path = SmallManagers.swift; sourceTree = "<group>"; };
		DD01EBEE1F71BD2A00C94D9B /* LogManager.swift */ = {isa = PBXFileReference; fileEncoding = 4; lastKnownFileType = sourcecode.swift; path = LogManager.swift; sourceTree = "<group>"; };
		DD01EBF01F71BFE600C94D9B /* LogViewController.swift */ = {isa = PBXFileReference; fileEncoding = 4; lastKnownFileType = sourcecode.swift; path = LogViewController.swift; sourceTree = "<group>"; };
		DD3AC14B1FBB974C00C71F53 /* OtherOptionsItem.swift */ = {isa = PBXFileReference; fileEncoding = 4; lastKnownFileType = sourcecode.swift; path = OtherOptionsItem.swift; sourceTree = "<group>"; };
		DD5016051F993D4500FB1407 /* GenericViewController.swift */ = {isa = PBXFileReference; fileEncoding = 4; lastKnownFileType = sourcecode.swift; path = GenericViewController.swift; sourceTree = "<group>"; };
		DD73ABE11FB46EEB00C7F721 /* BootFilesReplacementManager.swift */ = {isa = PBXFileReference; fileEncoding = 4; lastKnownFileType = sourcecode.swift; path = BootFilesReplacementManager.swift; sourceTree = "<group>"; };
		DDA7FB5F1F96AE510029F4F2 /* RuntimeCode.swift */ = {isa = PBXFileReference; fileEncoding = 4; lastKnownFileType = sourcecode.swift; path = RuntimeCode.swift; sourceTree = "<group>"; };
		DDA7FB611F96B13F0029F4F2 /* GenericWindowController.swift */ = {isa = PBXFileReference; fileEncoding = 4; lastKnownFileType = sourcecode.swift; path = GenericWindowController.swift; sourceTree = "<group>"; };
		DDCC4ED41FB5C2A7007FBB6F /* CustomizationViewController.swift */ = {isa = PBXFileReference; fileEncoding = 4; lastKnownFileType = sourcecode.swift; path = CustomizationViewController.swift; sourceTree = "<group>"; };
		DDD038EA1FB7366400D22695 /* AdvancedOptionsButton.swift */ = {isa = PBXFileReference; fileEncoding = 4; lastKnownFileType = sourcecode.swift; path = AdvancedOptionsButton.swift; sourceTree = "<group>"; };
		DDD038F11FB7AEC000D22695 /* BootFilesReplacementItem.swift */ = {isa = PBXFileReference; fileEncoding = 4; lastKnownFileType = sourcecode.swift; path = BootFilesReplacementItem.swift; sourceTree = "<group>"; };
		DDDCF67B1F63330B00CF7FE4 /* CreditsViewController.swift */ = {isa = PBXFileReference; fileEncoding = 4; lastKnownFileType = sourcecode.swift; path = CreditsViewController.swift; sourceTree = "<group>"; };
		DDDF14631F6730DA00953634 /* SharedVariables.swift */ = {isa = PBXFileReference; fileEncoding = 4; lastKnownFileType = sourcecode.swift; path = SharedVariables.swift; sourceTree = "<group>"; };
		DDF9A5682159A05800389F78 /* ShadowView.swift */ = {isa = PBXFileReference; lastKnownFileType = sourcecode.swift; path = ShadowView.swift; sourceTree = "<group>"; };
/* End PBXFileReference section */

/* Begin PBXFrameworksBuildPhase section */
		C6DF045F1F4F33C500D200B1 /* Frameworks */ = {
			isa = PBXFrameworksBuildPhase;
			buildActionMask = 2147483647;
			files = (
			);
			runOnlyForDeploymentPostprocessing = 0;
		};
		C6DF04701F4F33C500D200B1 /* Frameworks */ = {
			isa = PBXFrameworksBuildPhase;
			buildActionMask = 2147483647;
			files = (
			);
			runOnlyForDeploymentPostprocessing = 0;
		};
		C6DF047B1F4F33C500D200B1 /* Frameworks */ = {
			isa = PBXFrameworksBuildPhase;
			buildActionMask = 2147483647;
			files = (
			);
			runOnlyForDeploymentPostprocessing = 0;
		};
/* End PBXFrameworksBuildPhase section */

/* Begin PBXGroup section */
		C60C40C520CCAD9C00258574 /* Managers */ = {
			isa = PBXGroup;
			children = (
				C60C40BB20CCA2BB00258574 /* AppManager.swift */,
				DD73ABE11FB46EEB00C7F721 /* BootFilesReplacementManager.swift */,
				C60C40BF20CCA9DC00258574 /* CreationVariablesManager.swift */,
				C60C40C620CCAE6200258574 /* DrivesManager.swift */,
				C6B74D0B20BA2A79001CAD4D /* EFIPartitionManager.swift */,
				C6B74D0920B8E76A001CAD4D /* EFIFolderReplacementManager.swift */,
				C6E32EA6218142EA006D4BEB /* FileAliasManager.swift */,
				C60C40C120CCAA9900258574 /* InstallerAppManager.swift */,
				C615B811216AEF3F00913BFF /* MediaCreationManager */,
				DD01EBEE1F71BD2A00C94D9B /* LogManager.swift */,
				C6D82A6B20D80C7600A5B5BE /* OtherOptionsManager.swift */,
				C60C40B720CC9E4800258574 /* IconsManager.swift */,
				C60C40C320CCACB600258574 /* PlistXMLManager.swift */,
				C6D9EE58210AED4700019818 /* Reachability.swift */,
				C6F68E8A20D0277B00F7A0F4 /* SmallManagers.swift */,
				C65B5EFE1F72099F0061F1A3 /* ScriptsManager.swift */,
				C65B5F021F720D680061F1A3 /* SudoManager.swift */,
				C60C40B920CCA24000258574 /* TextsManager.swift */,
			);
			name = Managers;
			sourceTree = "<group>";
		};
		C60D39B51F5EB48000D94834 /* WindowsControllers */ = {
			isa = PBXGroup;
			children = (
				C621CFA61F4F6A6500CC6D5B /* MainWindowController.swift */,
				C66411042077A80100454292 /* OtherWindowsControllers.swift */,
			);
			name = WindowsControllers;
			sourceTree = "<group>";
		};
		C60D39B61F5EB4A000D94834 /* OtherCode */ = {
			isa = PBXGroup;
			children = (
				C60C40C520CCAD9C00258574 /* Managers */,
				DD01EBEA1F71A73700C94D9B /* CustomClasses */,
				DD01EBEB1F71A75B00C94D9B /* SharedCode */,
			);
			name = OtherCode;
			sourceTree = "<group>";
		};
		C60D39B71F5EB4C800D94834 /* ViewControllers */ = {
			isa = PBXGroup;
			children = (
				C60D39B11F5E4AFC00D94834 /* ContactsViewController.swift */,
				DDDCF67B1F63330B00CF7FE4 /* CreditsViewController.swift */,
				C691D6AA20655C700083D057 /* DriveDetectInfoViewController.swift */,
				C61A3653205DA3F400350BE9 /* DownloadAppViewController.swift */,
				C6C1820C1FE7605300617DC2 /* ChooseSideViewController.swift */,
				C65AA6201F4F4C0400C43223 /* InfoViewController.swift */,
				C6553A901F5F7CEA0048965D /* LicenseViewController.swift */,
				C65AA6221F4F4C3400C43223 /* ChoseDriveViewController.swift */,
				C64E56361F51D917007B8CEE /* ChoseAppViewController.swift */,
				C6B16957203B27AF00FD2818 /* ChooseCustomizationViewController.swift */,
				DDCC4ED41FB5C2A7007FBB6F /* CustomizationViewController.swift */,
				C61AE89320C2F16400229FEC /* OtherOptionInfoViewController.swift */,
				C64E56381F51E79C007B8CEE /* ConfirmViewController.swift */,
				C64E563A1F522854007B8CEE /* InstallingViewController.swift */,
				C60D48CC1F585F7F00ABF26E /* MainCreationFinished.swift */,
				DD01EBF01F71BFE600C94D9B /* LogViewController.swift */,
			);
			name = ViewControllers;
			sourceTree = "<group>";
		};
		C615B811216AEF3F00913BFF /* MediaCreationManager */ = {
			isa = PBXGroup;
			children = (
				C676D196215EB20E00E900E9 /* MediaCreationManagerMain.swift */,
				C615B812216AEF7A00913BFF /* MediaCreationManagerPreProcess.swift */,
				C615B814216AF04D00913BFF /* MediaCreationManagerFunctions.swift */,
				C615B818216B0E9400913BFF /* MediaCreationManagerTimers.swift */,
				C615B816216B0B8900913BFF /* MediaCreationManagerErrorChecking.swift */,
				C615B81A216B30D000913BFF /* MediaCreationManagerPostProcesses.swift */,
				C682BBE220FFB23600410370 /* OptionalOperations.swift */,
			);
			name = MediaCreationManager;
			sourceTree = "<group>";
		};
		C649CC8F211A4ECF00A6B47B /* Tools */ = {
			isa = PBXGroup;
			children = (
				C647B34F211CE2C00024B9A1 /* ToolsBridge.swift */,
				C649CC90211A4EE100A6B47B /* EFIPartitionMounterTool */,
			);
			name = Tools;
			sourceTree = "<group>";
		};
		C649CC90211A4EE100A6B47B /* EFIPartitionMounterTool */ = {
			isa = PBXGroup;
			children = (
				C647B3AD211D18950024B9A1 /* EFIPartitionMounterTool.storyboard */,
				C647B399211CF2C40024B9A1 /* EFIPartitionMounterModel.swift */,
				C647B395211CF2C40024B9A1 /* EFIPartitionMounterTypes.swift */,
				C647B39A211CF2C40024B9A1 /* EFIPartitionMounterUIClasses.swift */,
				C647B396211CF2C40024B9A1 /* EFIPartitionMounterViewController.swift */,
				C647B397211CF2C40024B9A1 /* EFIPartitionMounterWindowController.swift */,
			);
			name = EFIPartitionMounterTool;
			sourceTree = "<group>";
		};
		C6553A941F5F83DC0048965D /* Resources */ = {
			isa = PBXGroup;
			children = (
				C6553A921F5F83770048965D /* License.rtf */,
				C65B5EFB1F71FAB10061F1A3 /* DebugScript.sh */,
				C6CB6709217756B300746A84 /* CreateMediaWithAuth.sh */,
			);
			name = Resources;
			sourceTree = "<group>";
		};
		C6584CE4202B093400E7F8FE /* StringsFiles */ = {
			isa = PBXGroup;
			children = (
			);
			name = StringsFiles;
			path = ..;
			sourceTree = "<group>";
		};
		C6DF04591F4F33C500D200B1 = {
			isa = PBXGroup;
			children = (
				C6DF04641F4F33C500D200B1 /* TINU */,
				C6DF04761F4F33C500D200B1 /* TINUTests */,
				C6DF04811F4F33C500D200B1 /* TINUUITests */,
				C6DF04631F4F33C500D200B1 /* Products */,
			);
			sourceTree = "<group>";
			usesTabs = 1;
		};
		C6DF04631F4F33C500D200B1 /* Products */ = {
			isa = PBXGroup;
			children = (
				C6DF04621F4F33C500D200B1 /* TINU.app */,
				C6DF04731F4F33C500D200B1 /* TINUTests.xctest */,
				C6DF047E1F4F33C500D200B1 /* TINUUITests.xctest */,
			);
			name = Products;
			sourceTree = "<group>";
		};
		C6DF04641F4F33C500D200B1 /* TINU */ = {
			isa = PBXGroup;
			children = (
				C6DF046E1F4F33C500D200B1 /* Info.plist */,
				C691BFED1F6DEEA800589EF8 /* Assets.xcassets */,
				C6DF046B1F4F33C500D200B1 /* Main.storyboard */,
				C698B47D204CDAE5007B3CD8 /* MacrosReference.swift */,
				C6DF04651F4F33C500D200B1 /* AppDelegate.swift */,
				C649CC8F211A4ECF00A6B47B /* Tools */,
				C6584CE4202B093400E7F8FE /* StringsFiles */,
				C6553A941F5F83DC0048965D /* Resources */,
				C60D39B51F5EB48000D94834 /* WindowsControllers */,
				C60D39B71F5EB4C800D94834 /* ViewControllers */,
				C60D39B61F5EB4A000D94834 /* OtherCode */,
			);
			path = TINU;
			sourceTree = "<group>";
		};
		C6DF04761F4F33C500D200B1 /* TINUTests */ = {
			isa = PBXGroup;
			children = (
				C6DF04771F4F33C500D200B1 /* TINUTests.swift */,
				C6DF04791F4F33C500D200B1 /* Info.plist */,
			);
			path = TINUTests;
			sourceTree = "<group>";
		};
		C6DF04811F4F33C500D200B1 /* TINUUITests */ = {
			isa = PBXGroup;
			children = (
				C6DF04821F4F33C500D200B1 /* TINUUITests.swift */,
				C6DF04841F4F33C500D200B1 /* Info.plist */,
			);
			path = TINUUITests;
			sourceTree = "<group>";
		};
		DD01EBEA1F71A73700C94D9B /* CustomClasses */ = {
			isa = PBXGroup;
			children = (
				C621CFAB1F4F7DF400CC6D5B /* DriveObject.swift */,
				C60D39AF1F5E136500D94834 /* Part.swift */,
				C6C2EAA62030710A0033EF85 /* SettingsSectionItem.swift */,
				DDA7FB611F96B13F0029F4F2 /* GenericWindowController.swift */,
				DD5016051F993D4500FB1407 /* GenericViewController.swift */,
				C61AACC0215B0EE6002D8F89 /* ShadowViewController.swift */,
				C60B646A20B4464200FEDAA6 /* EFIFolderReplcament.swift */,
				DDD038F11FB7AEC000D22695 /* BootFilesReplacementItem.swift */,
				DD3AC14B1FBB974C00C71F53 /* OtherOptionsItem.swift */,
				C6D82A6920D802E700A5B5BE /* OtherOptionsObject.swift */,
				DDD038EA1FB7366400D22695 /* AdvancedOptionsButton.swift */,
				DDF9A5682159A05800389F78 /* ShadowView.swift */,
			);
			name = CustomClasses;
			sourceTree = "<group>";
		};
		DD01EBEB1F71A75B00C94D9B /* SharedCode */ = {
			isa = PBXGroup;
			children = (
				C60B6C8220F80FCC0088B658 /* AllertFunctions.swift */,
				C65AA61E1F4F497A00C43223 /* ClassExtensions.swift */,
				DDA7FB5F1F96AE510029F4F2 /* RuntimeCode.swift */,
				DDDF14631F6730DA00953634 /* SharedVariables.swift */,
				C691BFEF1F6DFBDB00589EF8 /* TestingVariables.swift */,
			);
			name = SharedCode;
			sourceTree = "<group>";
		};
/* End PBXGroup section */

/* Begin PBXNativeTarget section */
		C6DF04611F4F33C500D200B1 /* TINU */ = {
			isa = PBXNativeTarget;
			buildConfigurationList = C6DF04871F4F33C500D200B1 /* Build configuration list for PBXNativeTarget "TINU" */;
			buildPhases = (
				C6DF045E1F4F33C500D200B1 /* Sources */,
				C6DF045F1F4F33C500D200B1 /* Frameworks */,
				C6DF04601F4F33C500D200B1 /* Resources */,
				C6C47E6E21B006F7001A5F26 /* Increment Build Number automatically script */,
			);
			buildRules = (
			);
			dependencies = (
			);
			name = TINU;
			productName = TINU;
			productReference = C6DF04621F4F33C500D200B1 /* TINU.app */;
			productType = "com.apple.product-type.application";
		};
		C6DF04721F4F33C500D200B1 /* TINUTests */ = {
			isa = PBXNativeTarget;
			buildConfigurationList = C6DF048A1F4F33C500D200B1 /* Build configuration list for PBXNativeTarget "TINUTests" */;
			buildPhases = (
				C6DF046F1F4F33C500D200B1 /* Sources */,
				C6DF04701F4F33C500D200B1 /* Frameworks */,
				C6DF04711F4F33C500D200B1 /* Resources */,
			);
			buildRules = (
			);
			dependencies = (
				C6DF04751F4F33C500D200B1 /* PBXTargetDependency */,
			);
			name = TINUTests;
			productName = TINUTests;
			productReference = C6DF04731F4F33C500D200B1 /* TINUTests.xctest */;
			productType = "com.apple.product-type.bundle.unit-test";
		};
		C6DF047D1F4F33C500D200B1 /* TINUUITests */ = {
			isa = PBXNativeTarget;
			buildConfigurationList = C6DF048D1F4F33C500D200B1 /* Build configuration list for PBXNativeTarget "TINUUITests" */;
			buildPhases = (
				C6DF047A1F4F33C500D200B1 /* Sources */,
				C6DF047B1F4F33C500D200B1 /* Frameworks */,
				C6DF047C1F4F33C500D200B1 /* Resources */,
			);
			buildRules = (
			);
			dependencies = (
				C6DF04801F4F33C500D200B1 /* PBXTargetDependency */,
			);
			name = TINUUITests;
			productName = TINUUITests;
			productReference = C6DF047E1F4F33C500D200B1 /* TINUUITests.xctest */;
			productType = "com.apple.product-type.bundle.ui-testing";
		};
/* End PBXNativeTarget section */

/* Begin PBXProject section */
		C6DF045A1F4F33C500D200B1 /* Project object */ = {
			isa = PBXProject;
			attributes = {
				LastSwiftUpdateCheck = 0830;
				LastUpgradeCheck = 1000;
				ORGANIZATIONNAME = "Pietro Caruso";
				TargetAttributes = {
					C6DF04611F4F33C500D200B1 = {
						CreatedOnToolsVersion = 8.3.1;
						DevelopmentTeam = 9RSH5734GY;
						LastSwiftMigration = 0900;
						ProvisioningStyle = Manual;
					};
					C6DF04721F4F33C500D200B1 = {
						CreatedOnToolsVersion = 8.3.1;
						DevelopmentTeam = 9RSH5734GY;
						LastSwiftMigration = 0900;
						ProvisioningStyle = Automatic;
						TestTargetID = C6DF04611F4F33C500D200B1;
					};
					C6DF047D1F4F33C500D200B1 = {
						CreatedOnToolsVersion = 8.3.1;
						DevelopmentTeam = 9RSH5734GY;
						LastSwiftMigration = 0900;
						ProvisioningStyle = Automatic;
						TestTargetID = C6DF04611F4F33C500D200B1;
					};
				};
			};
			buildConfigurationList = C6DF045D1F4F33C500D200B1 /* Build configuration list for PBXProject "TINU" */;
			compatibilityVersion = "Xcode 3.2";
			developmentRegion = English;
			hasScannedForEncodings = 0;
			knownRegions = (
				en,
				Base,
			);
			mainGroup = C6DF04591F4F33C500D200B1;
			productRefGroup = C6DF04631F4F33C500D200B1 /* Products */;
			projectDirPath = "";
			projectRoot = "";
			targets = (
				C6DF04611F4F33C500D200B1 /* TINU */,
				C6DF04721F4F33C500D200B1 /* TINUTests */,
				C6DF047D1F4F33C500D200B1 /* TINUUITests */,
			);
		};
/* End PBXProject section */

/* Begin PBXResourcesBuildPhase section */
		C6DF04601F4F33C500D200B1 /* Resources */ = {
			isa = PBXResourcesBuildPhase;
			buildActionMask = 2147483647;
			files = (
				C65B5EFD1F7201D10061F1A3 /* DebugScript.sh in Resources */,
				C647B3AF211D18950024B9A1 /* EFIPartitionMounterTool.storyboard in Resources */,
				C6DF046D1F4F33C500D200B1 /* Main.storyboard in Resources */,
				C691BFEE1F6DEEA800589EF8 /* Assets.xcassets in Resources */,
				C6553A931F5F83770048965D /* License.rtf in Resources */,
				C6CB670A217756BE00746A84 /* CreateMediaWithAuth.sh in Resources */,
			);
			runOnlyForDeploymentPostprocessing = 0;
		};
		C6DF04711F4F33C500D200B1 /* Resources */ = {
			isa = PBXResourcesBuildPhase;
			buildActionMask = 2147483647;
			files = (
			);
			runOnlyForDeploymentPostprocessing = 0;
		};
		C6DF047C1F4F33C500D200B1 /* Resources */ = {
			isa = PBXResourcesBuildPhase;
			buildActionMask = 2147483647;
			files = (
			);
			runOnlyForDeploymentPostprocessing = 0;
		};
/* End PBXResourcesBuildPhase section */

/* Begin PBXShellScriptBuildPhase section */
		C6C47E6E21B006F7001A5F26 /* Increment Build Number automatically script */ = {
			isa = PBXShellScriptBuildPhase;
			buildActionMask = 2147483647;
			files = (
			);
			inputFileListPaths = (
			);
			inputPaths = (
			);
			name = "Increment Build Number automatically script";
			outputFileListPaths = (
			);
			outputPaths = (
			);
			runOnlyForDeploymentPostprocessing = 0;
			shellPath = /bin/sh;
			shellScript = "# Type a script or drag a script file from your workspace to insert its path.\n#buildNumber=$(/usr/libexec/PlistBuddy -c \"Print CFBundleVersion\" \"${PROJECT_DIR}/${INFOPLIST_FILE}\")\n#buildNumber=$(($buildNumber + 1))\n#/usr/libexec/PlistBuddy -c \"Set :CFBundleVersion $buildNumber\" \"${PROJECT_DIR}/${INFOPLIST_FILE}\"\n";
		};
/* End PBXShellScriptBuildPhase section */

/* Begin PBXSourcesBuildPhase section */
		C6DF045E1F4F33C500D200B1 /* Sources */ = {
			isa = PBXSourcesBuildPhase;
			buildActionMask = 2147483647;
			files = (
				C621CFA71F4F6A6500CC6D5B /* MainWindowController.swift in Sources */,
				C621CFAC1F4F7DF400CC6D5B /* DriveObject.swift in Sources */,
				DDD038F21FB7AEC000D22695 /* BootFilesReplacementItem.swift in Sources */,
				C65AA61F1F4F497A00C43223 /* ClassExtensions.swift in Sources */,
				C691BFF01F6DFBDB00589EF8 /* TestingVariables.swift in Sources */,
				C615B815216AF04D00913BFF /* MediaCreationManagerFunctions.swift in Sources */,
				C6D9EE59210AED4700019818 /* Reachability.swift in Sources */,
				C64E56391F51E79C007B8CEE /* ConfirmViewController.swift in Sources */,
				DDCC4ED51FB5C2A7007FBB6F /* CustomizationViewController.swift in Sources */,
				C60C40BC20CCA2BB00258574 /* AppManager.swift in Sources */,
				C65B5F031F720D680061F1A3 /* SudoManager.swift in Sources */,
				C615B819216B0E9400913BFF /* MediaCreationManagerTimers.swift in Sources */,
				C682BBE320FFB23600410370 /* OptionalOperations.swift in Sources */,
				DDDCF67C1F63330B00CF7FE4 /* CreditsViewController.swift in Sources */,
				C647B39C211CF2C40024B9A1 /* EFIPartitionMounterViewController.swift in Sources */,
				C647B39B211CF2C40024B9A1 /* EFIPartitionMounterTypes.swift in Sources */,
				C647B350211CE2C00024B9A1 /* ToolsBridge.swift in Sources */,
				C6C2EAA72030710A0033EF85 /* SettingsSectionItem.swift in Sources */,
				C691D6AB20655C700083D057 /* DriveDetectInfoViewController.swift in Sources */,
				C65AA6211F4F4C0400C43223 /* InfoViewController.swift in Sources */,
				C60D39B21F5E4AFC00D94834 /* ContactsViewController.swift in Sources */,
				C6D82A6A20D802E700A5B5BE /* OtherOptionsObject.swift in Sources */,
				C6D82A6C20D80C7600A5B5BE /* OtherOptionsManager.swift in Sources */,
				DDDF14641F6730DA00953634 /* SharedVariables.swift in Sources */,
				C6C1820D1FE7605300617DC2 /* ChooseSideViewController.swift in Sources */,
				DDD038EB1FB7366400D22695 /* AdvancedOptionsButton.swift in Sources */,
				C60C40C020CCA9DC00258574 /* CreationVariablesManager.swift in Sources */,
				DDA7FB601F96AE510029F4F2 /* RuntimeCode.swift in Sources */,
				C65B5EFF1F72099F0061F1A3 /* ScriptsManager.swift in Sources */,
				C61AE89420C2F16400229FEC /* OtherOptionInfoViewController.swift in Sources */,
				C6F68E8B20D0277B00F7A0F4 /* SmallManagers.swift in Sources */,
				C60C40BA20CCA24000258574 /* TextsManager.swift in Sources */,
				C61AACC1215B0EE6002D8F89 /* ShadowViewController.swift in Sources */,
				C60B6C8320F80FCC0088B658 /* AllertFunctions.swift in Sources */,
				C60D39B01F5E136500D94834 /* Part.swift in Sources */,
				C60B646B20B4464200FEDAA6 /* EFIFolderReplcament.swift in Sources */,
				C60C40C720CCAE6200258574 /* DrivesManager.swift in Sources */,
				C60D48CD1F585F7F00ABF26E /* MainCreationFinished.swift in Sources */,
				C60C40C220CCAA9900258574 /* InstallerAppManager.swift in Sources */,
				DD01EBF11F71BFE600C94D9B /* LogViewController.swift in Sources */,
				C60C40C420CCACB600258574 /* PlistXMLManager.swift in Sources */,
				C60C40B820CC9E4800258574 /* IconsManager.swift in Sources */,
				C6B16958203B27AF00FD2818 /* ChooseCustomizationViewController.swift in Sources */,
				C6E32EA7218142EA006D4BEB /* FileAliasManager.swift in Sources */,
				C64E56371F51D917007B8CEE /* ChoseAppViewController.swift in Sources */,
				C615B813216AEF7A00913BFF /* MediaCreationManagerPreProcess.swift in Sources */,
				DD73ABE21FB46EEB00C7F721 /* BootFilesReplacementManager.swift in Sources */,
				DDF9A5692159A05800389F78 /* ShadowView.swift in Sources */,
				C615B81B216B30D000913BFF /* MediaCreationManagerPostProcesses.swift in Sources */,
				C647B39D211CF2C40024B9A1 /* EFIPartitionMounterWindowController.swift in Sources */,
				DD5016061F993D4500FB1407 /* GenericViewController.swift in Sources */,
				C647B39F211CF2C40024B9A1 /* EFIPartitionMounterModel.swift in Sources */,
				C6B74D0A20B8E76A001CAD4D /* EFIFolderReplacementManager.swift in Sources */,
				C6B74D0C20BA2A79001CAD4D /* EFIPartitionManager.swift in Sources */,
				DDA7FB621F96B13F0029F4F2 /* GenericWindowController.swift in Sources */,
				C698B47E204CDAE5007B3CD8 /* MacrosReference.swift in Sources */,
				C676D197215EB20E00E900E9 /* MediaCreationManagerMain.swift in Sources */,
				C647B3A0211CF2C40024B9A1 /* EFIPartitionMounterUIClasses.swift in Sources */,
				DD3AC14C1FBB974C00C71F53 /* OtherOptionsItem.swift in Sources */,
				C615B817216B0B8900913BFF /* MediaCreationManagerErrorChecking.swift in Sources */,
				C64E563B1F522854007B8CEE /* InstallingViewController.swift in Sources */,
				C61A3654205DA3F400350BE9 /* DownloadAppViewController.swift in Sources */,
				C65AA6241F4F4C3400C43223 /* ChoseDriveViewController.swift in Sources */,
				DD01EBEF1F71BD2A00C94D9B /* LogManager.swift in Sources */,
				C66411052077A80100454292 /* OtherWindowsControllers.swift in Sources */,
				C6553A911F5F7CEA0048965D /* LicenseViewController.swift in Sources */,
				C6DF04661F4F33C500D200B1 /* AppDelegate.swift in Sources */,
			);
			runOnlyForDeploymentPostprocessing = 0;
		};
		C6DF046F1F4F33C500D200B1 /* Sources */ = {
			isa = PBXSourcesBuildPhase;
			buildActionMask = 2147483647;
			files = (
				C6DF04781F4F33C500D200B1 /* TINUTests.swift in Sources */,
			);
			runOnlyForDeploymentPostprocessing = 0;
		};
		C6DF047A1F4F33C500D200B1 /* Sources */ = {
			isa = PBXSourcesBuildPhase;
			buildActionMask = 2147483647;
			files = (
				C6DF04831F4F33C500D200B1 /* TINUUITests.swift in Sources */,
			);
			runOnlyForDeploymentPostprocessing = 0;
		};
/* End PBXSourcesBuildPhase section */

/* Begin PBXTargetDependency section */
		C6DF04751F4F33C500D200B1 /* PBXTargetDependency */ = {
			isa = PBXTargetDependency;
			target = C6DF04611F4F33C500D200B1 /* TINU */;
			targetProxy = C6DF04741F4F33C500D200B1 /* PBXContainerItemProxy */;
		};
		C6DF04801F4F33C500D200B1 /* PBXTargetDependency */ = {
			isa = PBXTargetDependency;
			target = C6DF04611F4F33C500D200B1 /* TINU */;
			targetProxy = C6DF047F1F4F33C500D200B1 /* PBXContainerItemProxy */;
		};
/* End PBXTargetDependency section */

/* Begin PBXVariantGroup section */
		C647B3AD211D18950024B9A1 /* EFIPartitionMounterTool.storyboard */ = {
			isa = PBXVariantGroup;
			children = (
				C647B3AE211D18950024B9A1 /* Base */,
			);
			name = EFIPartitionMounterTool.storyboard;
			sourceTree = "<group>";
		};
		C6DF046B1F4F33C500D200B1 /* Main.storyboard */ = {
			isa = PBXVariantGroup;
			children = (
				C6DF046C1F4F33C500D200B1 /* Base */,
			);
			name = Main.storyboard;
			sourceTree = "<group>";
		};
/* End PBXVariantGroup section */

/* Begin XCBuildConfiguration section */
		C6DF04851F4F33C500D200B1 /* Debug */ = {
			isa = XCBuildConfiguration;
			buildSettings = {
				ALWAYS_SEARCH_USER_PATHS = NO;
				CLANG_ANALYZER_NONNULL = YES;
				CLANG_ANALYZER_NUMBER_OBJECT_CONVERSION = YES_AGGRESSIVE;
				CLANG_CXX_LANGUAGE_STANDARD = "gnu++0x";
				CLANG_CXX_LIBRARY = "libc++";
				CLANG_ENABLE_MODULES = YES;
				CLANG_ENABLE_OBJC_ARC = YES;
				CLANG_WARN_BLOCK_CAPTURE_AUTORELEASING = YES;
				CLANG_WARN_BOOL_CONVERSION = YES;
				CLANG_WARN_COMMA = YES;
				CLANG_WARN_CONSTANT_CONVERSION = YES;
				CLANG_WARN_DEPRECATED_OBJC_IMPLEMENTATIONS = YES;
				CLANG_WARN_DIRECT_OBJC_ISA_USAGE = YES_ERROR;
				CLANG_WARN_DOCUMENTATION_COMMENTS = YES;
				CLANG_WARN_EMPTY_BODY = YES;
				CLANG_WARN_ENUM_CONVERSION = YES;
				CLANG_WARN_INFINITE_RECURSION = YES;
				CLANG_WARN_INT_CONVERSION = YES;
				CLANG_WARN_NON_LITERAL_NULL_CONVERSION = YES;
				CLANG_WARN_OBJC_IMPLICIT_RETAIN_SELF = YES;
				CLANG_WARN_OBJC_LITERAL_CONVERSION = YES;
				CLANG_WARN_OBJC_ROOT_CLASS = YES_ERROR;
				CLANG_WARN_RANGE_LOOP_ANALYSIS = YES;
				CLANG_WARN_STRICT_PROTOTYPES = YES;
				CLANG_WARN_SUSPICIOUS_MOVE = YES;
				CLANG_WARN_UNREACHABLE_CODE = YES;
				CLANG_WARN__DUPLICATE_METHOD_MATCH = YES;
				CODE_SIGN_IDENTITY = "Developer ID Application";
				COPY_PHASE_STRIP = NO;
				DEBUG_INFORMATION_FORMAT = dwarf;
				ENABLE_STRICT_OBJC_MSGSEND = YES;
				ENABLE_TESTABILITY = YES;
				GCC_C_LANGUAGE_STANDARD = gnu99;
				GCC_DYNAMIC_NO_PIC = NO;
				GCC_NO_COMMON_BLOCKS = YES;
				GCC_OPTIMIZATION_LEVEL = fast;
				GCC_PREPROCESSOR_DEFINITIONS = (
					"DEBUG=1",
					"$(inherited)",
				);
				GCC_WARN_64_TO_32_BIT_CONVERSION = YES;
				GCC_WARN_ABOUT_RETURN_TYPE = YES_ERROR;
				GCC_WARN_UNDECLARED_SELECTOR = YES;
				GCC_WARN_UNINITIALIZED_AUTOS = YES_AGGRESSIVE;
				GCC_WARN_UNUSED_FUNCTION = YES;
				GCC_WARN_UNUSED_VARIABLE = YES;
				MACOSX_DEPLOYMENT_TARGET = 10.10;
				MTL_ENABLE_DEBUG_INFO = YES;
				ONLY_ACTIVE_ARCH = YES;
				SDKROOT = macosx;
				SWIFT_ACTIVE_COMPILATION_CONDITIONS = DEBUG;
				SWIFT_COMPILATION_MODE = wholemodule;
				SWIFT_OPTIMIZATION_LEVEL = "-Osize";
			};
			name = Debug;
		};
		C6DF04861F4F33C500D200B1 /* Release */ = {
			isa = XCBuildConfiguration;
			buildSettings = {
				ALWAYS_SEARCH_USER_PATHS = NO;
				CLANG_ANALYZER_NONNULL = YES;
				CLANG_ANALYZER_NUMBER_OBJECT_CONVERSION = YES_AGGRESSIVE;
				CLANG_CXX_LANGUAGE_STANDARD = "gnu++0x";
				CLANG_CXX_LIBRARY = "libc++";
				CLANG_ENABLE_MODULES = YES;
				CLANG_ENABLE_OBJC_ARC = YES;
				CLANG_WARN_BLOCK_CAPTURE_AUTORELEASING = YES;
				CLANG_WARN_BOOL_CONVERSION = YES;
				CLANG_WARN_COMMA = YES;
				CLANG_WARN_CONSTANT_CONVERSION = YES;
				CLANG_WARN_DEPRECATED_OBJC_IMPLEMENTATIONS = YES;
				CLANG_WARN_DIRECT_OBJC_ISA_USAGE = YES_ERROR;
				CLANG_WARN_DOCUMENTATION_COMMENTS = YES;
				CLANG_WARN_EMPTY_BODY = YES;
				CLANG_WARN_ENUM_CONVERSION = YES;
				CLANG_WARN_INFINITE_RECURSION = YES;
				CLANG_WARN_INT_CONVERSION = YES;
				CLANG_WARN_NON_LITERAL_NULL_CONVERSION = YES;
				CLANG_WARN_OBJC_IMPLICIT_RETAIN_SELF = YES;
				CLANG_WARN_OBJC_LITERAL_CONVERSION = YES;
				CLANG_WARN_OBJC_ROOT_CLASS = YES_ERROR;
				CLANG_WARN_RANGE_LOOP_ANALYSIS = YES;
				CLANG_WARN_STRICT_PROTOTYPES = YES;
				CLANG_WARN_SUSPICIOUS_MOVE = YES;
				CLANG_WARN_UNREACHABLE_CODE = YES;
				CLANG_WARN__DUPLICATE_METHOD_MATCH = YES;
				CODE_SIGN_IDENTITY = "Developer ID Application";
				COPY_PHASE_STRIP = NO;
				DEBUG_INFORMATION_FORMAT = "dwarf-with-dsym";
				ENABLE_NS_ASSERTIONS = NO;
				ENABLE_STRICT_OBJC_MSGSEND = YES;
				GCC_C_LANGUAGE_STANDARD = gnu99;
				GCC_NO_COMMON_BLOCKS = YES;
				GCC_OPTIMIZATION_LEVEL = fast;
				GCC_WARN_64_TO_32_BIT_CONVERSION = YES;
				GCC_WARN_ABOUT_RETURN_TYPE = YES_ERROR;
				GCC_WARN_UNDECLARED_SELECTOR = YES;
				GCC_WARN_UNINITIALIZED_AUTOS = YES_AGGRESSIVE;
				GCC_WARN_UNUSED_FUNCTION = YES;
				GCC_WARN_UNUSED_VARIABLE = YES;
				MACOSX_DEPLOYMENT_TARGET = 10.10;
				MTL_ENABLE_DEBUG_INFO = NO;
				SDKROOT = macosx;
				SWIFT_COMPILATION_MODE = wholemodule;
				SWIFT_OPTIMIZATION_LEVEL = "-Osize";
			};
			name = Release;
		};
		C6DF04881F4F33C500D200B1 /* Debug */ = {
			isa = XCBuildConfiguration;
			buildSettings = {
				ASSETCATALOG_COMPILER_APPICON_NAME = AppIcon;
				ASSETCATALOG_COMPILER_OPTIMIZATION = space;
				CLANG_ENABLE_MODULES = YES;
				CODE_SIGN_IDENTITY = "Developer ID Application";
				CODE_SIGN_STYLE = Manual;
				COMBINE_HIDPI_IMAGES = YES;
				DEBUG_INFORMATION_FORMAT = "dwarf-with-dsym";
				DEVELOPMENT_TEAM = 9RSH5734GY;
				GCC_OPTIMIZATION_LEVEL = s;
				INFOPLIST_FILE = TINU/Info.plist;
				LD_RUNPATH_SEARCH_PATHS = "$(inherited) @executable_path/../Frameworks";
				MACOSX_DEPLOYMENT_TARGET = 10.10;
				ONLY_ACTIVE_ARCH = YES;
				PRODUCT_BUNDLE_IDENTIFIER = org.pietrocaruso.TINU;
				PRODUCT_NAME = "$(TARGET_NAME)";
				PROVISIONING_PROFILE = "";
				PROVISIONING_PROFILE_SPECIFIER = "";
				SWIFT_ACTIVE_COMPILATION_CONDITIONS = "DEBUG useEFIReplacement skipChooseCustomization TINU installManager";
				SWIFT_COMPILATION_MODE = wholemodule;
				SWIFT_ENFORCE_EXCLUSIVE_ACCESS = on;
				SWIFT_OBJC_BRIDGING_HEADER = "";
				SWIFT_OPTIMIZATION_LEVEL = "-Osize";
				SWIFT_VERSION = 3.0;
				VALID_ARCHS = x86_64;
			};
			name = Debug;
		};
		C6DF04891F4F33C500D200B1 /* Release */ = {
			isa = XCBuildConfiguration;
			buildSettings = {
				ASSETCATALOG_COMPILER_APPICON_NAME = AppIcon;
				ASSETCATALOG_COMPILER_OPTIMIZATION = space;
				CLANG_ENABLE_MODULES = YES;
				CODE_SIGN_IDENTITY = "Developer ID Application";
				CODE_SIGN_STYLE = Manual;
				COMBINE_HIDPI_IMAGES = YES;
				DEVELOPMENT_TEAM = 9RSH5734GY;
				GCC_OPTIMIZATION_LEVEL = s;
				INFOPLIST_FILE = TINU/Info.plist;
				LD_RUNPATH_SEARCH_PATHS = "$(inherited) @executable_path/../Frameworks";
				MACOSX_DEPLOYMENT_TARGET = 10.10;
				ONLY_ACTIVE_ARCH = YES;
				PRODUCT_BUNDLE_IDENTIFIER = org.pietrocaruso.TINU;
				PRODUCT_NAME = "$(TARGET_NAME)";
				PROVISIONING_PROFILE = "";
				PROVISIONING_PROFILE_SPECIFIER = "";
				SWIFT_ACTIVE_COMPILATION_CONDITIONS = "useEFIReplacement skipChooseCustomization TINU";
				SWIFT_COMPILATION_MODE = wholemodule;
				SWIFT_ENFORCE_EXCLUSIVE_ACCESS = on;
				SWIFT_OBJC_BRIDGING_HEADER = "";
				SWIFT_OPTIMIZATION_LEVEL = "-Osize";
				SWIFT_VERSION = 3.0;
				VALID_ARCHS = x86_64;
			};
			name = Release;
		};
		C6DF048B1F4F33C500D200B1 /* Debug */ = {
			isa = XCBuildConfiguration;
			buildSettings = {
				ALWAYS_EMBED_SWIFT_STANDARD_LIBRARIES = YES;
				BUNDLE_LOADER = "$(TEST_HOST)";
				COMBINE_HIDPI_IMAGES = YES;
				DEVELOPMENT_TEAM = 9RSH5734GY;
				INFOPLIST_FILE = TINUTests/Info.plist;
				LD_RUNPATH_SEARCH_PATHS = "$(inherited) @executable_path/../Frameworks @loader_path/../Frameworks";
				PRODUCT_BUNDLE_IDENTIFIER = org.pietrocaruso.TINUTests;
				PRODUCT_NAME = "$(TARGET_NAME)";
				SWIFT_VERSION = 3.0;
				TEST_HOST = "$(BUILT_PRODUCTS_DIR)/TINU.app/Contents/MacOS/TINU";
			};
			name = Debug;
		};
		C6DF048C1F4F33C500D200B1 /* Release */ = {
			isa = XCBuildConfiguration;
			buildSettings = {
				ALWAYS_EMBED_SWIFT_STANDARD_LIBRARIES = YES;
				BUNDLE_LOADER = "$(TEST_HOST)";
				COMBINE_HIDPI_IMAGES = YES;
				DEVELOPMENT_TEAM = 9RSH5734GY;
				INFOPLIST_FILE = TINUTests/Info.plist;
				LD_RUNPATH_SEARCH_PATHS = "$(inherited) @executable_path/../Frameworks @loader_path/../Frameworks";
				PRODUCT_BUNDLE_IDENTIFIER = org.pietrocaruso.TINUTests;
				PRODUCT_NAME = "$(TARGET_NAME)";
				SWIFT_VERSION = 3.0;
				TEST_HOST = "$(BUILT_PRODUCTS_DIR)/TINU.app/Contents/MacOS/TINU";
			};
			name = Release;
		};
		C6DF048E1F4F33C500D200B1 /* Debug */ = {
			isa = XCBuildConfiguration;
			buildSettings = {
				ALWAYS_EMBED_SWIFT_STANDARD_LIBRARIES = YES;
				COMBINE_HIDPI_IMAGES = YES;
				DEVELOPMENT_TEAM = 9RSH5734GY;
				INFOPLIST_FILE = TINUUITests/Info.plist;
				LD_RUNPATH_SEARCH_PATHS = "$(inherited) @executable_path/../Frameworks @loader_path/../Frameworks";
				PRODUCT_BUNDLE_IDENTIFIER = org.pietrocaruso.TINUUITests;
				PRODUCT_NAME = "$(TARGET_NAME)";
				SWIFT_VERSION = 3.0;
				TEST_TARGET_NAME = TINU;
			};
			name = Debug;
		};
		C6DF048F1F4F33C500D200B1 /* Release */ = {
			isa = XCBuildConfiguration;
			buildSettings = {
				ALWAYS_EMBED_SWIFT_STANDARD_LIBRARIES = YES;
				COMBINE_HIDPI_IMAGES = YES;
				DEVELOPMENT_TEAM = 9RSH5734GY;
				INFOPLIST_FILE = TINUUITests/Info.plist;
				LD_RUNPATH_SEARCH_PATHS = "$(inherited) @executable_path/../Frameworks @loader_path/../Frameworks";
				PRODUCT_BUNDLE_IDENTIFIER = org.pietrocaruso.TINUUITests;
				PRODUCT_NAME = "$(TARGET_NAME)";
				SWIFT_VERSION = 3.0;
				TEST_TARGET_NAME = TINU;
			};
			name = Release;
		};
/* End XCBuildConfiguration section */

/* Begin XCConfigurationList section */
		C6DF045D1F4F33C500D200B1 /* Build configuration list for PBXProject "TINU" */ = {
			isa = XCConfigurationList;
			buildConfigurations = (
				C6DF04851F4F33C500D200B1 /* Debug */,
				C6DF04861F4F33C500D200B1 /* Release */,
			);
			defaultConfigurationIsVisible = 0;
			defaultConfigurationName = Debug;
		};
		C6DF04871F4F33C500D200B1 /* Build configuration list for PBXNativeTarget "TINU" */ = {
			isa = XCConfigurationList;
			buildConfigurations = (
				C6DF04881F4F33C500D200B1 /* Debug */,
				C6DF04891F4F33C500D200B1 /* Release */,
			);
			defaultConfigurationIsVisible = 0;
			defaultConfigurationName = Debug;
		};
		C6DF048A1F4F33C500D200B1 /* Build configuration list for PBXNativeTarget "TINUTests" */ = {
			isa = XCConfigurationList;
			buildConfigurations = (
				C6DF048B1F4F33C500D200B1 /* Debug */,
				C6DF048C1F4F33C500D200B1 /* Release */,
			);
			defaultConfigurationIsVisible = 0;
			defaultConfigurationName = Debug;
		};
		C6DF048D1F4F33C500D200B1 /* Build configuration list for PBXNativeTarget "TINUUITests" */ = {
			isa = XCConfigurationList;
			buildConfigurations = (
				C6DF048E1F4F33C500D200B1 /* Debug */,
				C6DF048F1F4F33C500D200B1 /* Release */,
			);
			defaultConfigurationIsVisible = 0;
			defaultConfigurationName = Debug;
		};
/* End XCConfigurationList section */
	};
	rootObject = C6DF045A1F4F33C500D200B1 /* Project object */;
}
